// !$*UTF8*$!
{
	archiveVersion = 1;
	classes = {
	};
	objectVersion = 46;
	objects = {

/* Begin PBXBuildFile section */
		8328AEC549406583850952D9 /* Pods_lksh_ios_cream.framework in Frameworks */ = {isa = PBXBuildFile; fileRef = D3E6C93BAC61FF18EC7F4E23 /* Pods_lksh_ios_cream.framework */; };
		8A1E23331F39B6AB00157BB0 /* UITextView+HtmlRender.swift in Sources */ = {isa = PBXBuildFile; fileRef = 8A1E23321F39B6AB00157BB0 /* UITextView+HtmlRender.swift */; };
		8A47A1891F359411008C4271 /* AppDelegate.swift in Sources */ = {isa = PBXBuildFile; fileRef = 8A47A1881F359411008C4271 /* AppDelegate.swift */; };
		8A47A1901F359411008C4271 /* Assets.xcassets in Resources */ = {isa = PBXBuildFile; fileRef = 8A47A18F1F359411008C4271 /* Assets.xcassets */; };
		8A47A1A01F3596D2008C4271 /* MainViewController.swift in Sources */ = {isa = PBXBuildFile; fileRef = 8A47A19F1F3596D2008C4271 /* MainViewController.swift */; };
		8A47A1A71F35B263008C4271 /* TipEntity.swift in Sources */ = {isa = PBXBuildFile; fileRef = 8A47A1A61F35B263008C4271 /* TipEntity.swift */; };
		8A47A1AA1F35B8B9008C4271 /* TipView.swift in Sources */ = {isa = PBXBuildFile; fileRef = 8A47A1A91F35B8B9008C4271 /* TipView.swift */; };
		8A47A1AD1F35B914008C4271 /* UIView+Nibload.swift in Sources */ = {isa = PBXBuildFile; fileRef = 8A47A1AC1F35B914008C4271 /* UIView+Nibload.swift */; };
		8A47A1B11F35B9C8008C4271 /* TipView.xib in Resources */ = {isa = PBXBuildFile; fileRef = 8A47A1B01F35B9C8008C4271 /* TipView.xib */; };
		8A47A1B41F35C475008C4271 /* UIFont+AppFonts.swift in Sources */ = {isa = PBXBuildFile; fileRef = 8A47A1B31F35C475008C4271 /* UIFont+AppFonts.swift */; };
		8A47A1B81F35CABD008C4271 /* UIColor+ColorsPalette.swift in Sources */ = {isa = PBXBuildFile; fileRef = 8A47A1B71F35CABD008C4271 /* UIColor+ColorsPalette.swift */; };
		8A47A1BA1F35CB03008C4271 /* UIColor+Hex.swift in Sources */ = {isa = PBXBuildFile; fileRef = 8A47A1B91F35CB03008C4271 /* UIColor+Hex.swift */; };
		8A47A1BD1F35CB45008C4271 /* String+Range.swift in Sources */ = {isa = PBXBuildFile; fileRef = 8A47A1BC1F35CB45008C4271 /* String+Range.swift */; };
		8A9C3CDD1F38B507005941CE /* UILabel+HtmlRender.swift in Sources */ = {isa = PBXBuildFile; fileRef = 8A9C3CDC1F38B507005941CE /* UILabel+HtmlRender.swift */; };
		8A9C3CE01F39868B005941CE /* String+TimeConvert.swift in Sources */ = {isa = PBXBuildFile; fileRef = 8A9C3CDF1F39868B005941CE /* String+TimeConvert.swift */; };
		8A9C3CE31F399024005941CE /* ActionsForViewController.swift in Sources */ = {isa = PBXBuildFile; fileRef = 8A9C3CE21F399024005941CE /* ActionsForViewController.swift */; };
		8A9C3CE61F399315005941CE /* RealmConfiguration.swift in Sources */ = {isa = PBXBuildFile; fileRef = 8A9C3CE51F399315005941CE /* RealmConfiguration.swift */; };
		8A9C3CE81F399330005941CE /* Realm+Writing.swift in Sources */ = {isa = PBXBuildFile; fileRef = 8A9C3CE71F399330005941CE /* Realm+Writing.swift */; };
		8A9C3CEA1F399365005941CE /* DataModelCollection.swift in Sources */ = {isa = PBXBuildFile; fileRef = 8A9C3CE91F399365005941CE /* DataModelCollection.swift */; };
		8A9C3CED1F3993D9005941CE /* Notification+RealmError.swift in Sources */ = {isa = PBXBuildFile; fileRef = 8A9C3CEC1F3993D9005941CE /* Notification+RealmError.swift */; };
		8A9C3CEF1F39945A005941CE /* List+RemoveDublicates.swift in Sources */ = {isa = PBXBuildFile; fileRef = 8A9C3CEE1F39945A005941CE /* List+RemoveDublicates.swift */; };
		8AB88A9E1F384CED005DA815 /* LaunchScreen.storyboard in Resources */ = {isa = PBXBuildFile; fileRef = 8AB88A9C1F384CED005DA815 /* LaunchScreen.storyboard */; };
		8AB88AA11F384D3C005DA815 /* Storyboards.swift in Sources */ = {isa = PBXBuildFile; fileRef = 8AB88AA01F384D3C005DA815 /* Storyboards.swift */; };
		8AB88AA31F384F2B005DA815 /* Main.storyboard in Resources */ = {isa = PBXBuildFile; fileRef = 8AB88AA21F384F2B005DA815 /* Main.storyboard */; };
		8AB88AA51F385388005DA815 /* AuthViewController.swift in Sources */ = {isa = PBXBuildFile; fileRef = 8AB88AA41F385388005DA815 /* AuthViewController.swift */; };
		8AB88AAA1F385986005DA815 /* String+Localize.swift in Sources */ = {isa = PBXBuildFile; fileRef = 8AB88AA91F385986005DA815 /* String+Localize.swift */; };
		8AB88AAD1F385B90005DA815 /* KeyboardHandler.swift in Sources */ = {isa = PBXBuildFile; fileRef = 8AB88AAC1F385B90005DA815 /* KeyboardHandler.swift */; };
		8AB88AB01F385C31005DA815 /* UIViewController+KeyboardDelegate.swift in Sources */ = {isa = PBXBuildFile; fileRef = 8AB88AAF1F385C31005DA815 /* UIViewController+KeyboardDelegate.swift */; };
		8AB88AB41F3862C4005DA815 /* ActionButton.swift in Sources */ = {isa = PBXBuildFile; fileRef = 8AB88AB31F3862C4005DA815 /* ActionButton.swift */; };
		8AB88AB61F3862F0005DA815 /* UIColor+Brightness.swift in Sources */ = {isa = PBXBuildFile; fileRef = 8AB88AB51F3862F0005DA815 /* UIColor+Brightness.swift */; };
		8AB88AB91F3864F5005DA815 /* NavigationViewController.swift in Sources */ = {isa = PBXBuildFile; fileRef = 8AB88AB81F3864F5005DA815 /* NavigationViewController.swift */; };
		8AB88ABF1F387034005DA815 /* TextFieldPlateTableViewCell.swift in Sources */ = {isa = PBXBuildFile; fileRef = 8AB88ABC1F387034005DA815 /* TextFieldPlateTableViewCell.swift */; };
		8AB88AC01F387034005DA815 /* TextFieldPlateTableViewCell.xib in Resources */ = {isa = PBXBuildFile; fileRef = 8AB88ABD1F387034005DA815 /* TextFieldPlateTableViewCell.xib */; };
		8AB88AC11F387034005DA815 /* TextFieldPlateTableViewCellModel.swift in Sources */ = {isa = PBXBuildFile; fileRef = 8AB88ABE1F387034005DA815 /* TextFieldPlateTableViewCellModel.swift */; };
		8AB88AC31F3870A1005DA815 /* CellViewAnyModel.swift in Sources */ = {isa = PBXBuildFile; fileRef = 8AB88AC21F3870A1005DA815 /* CellViewAnyModel.swift */; };
		8AB88AC51F3870C3005DA815 /* DisplayCollection.swift in Sources */ = {isa = PBXBuildFile; fileRef = 8AB88AC41F3870C3005DA815 /* DisplayCollection.swift */; };
		8AB88AC71F38710A005DA815 /* AskIssueViewModel.swift in Sources */ = {isa = PBXBuildFile; fileRef = 8AB88AC61F38710A005DA815 /* AskIssueViewModel.swift */; };
		8AB88ACA1F3871DC005DA815 /* UITableView+RegisterCells.swift in Sources */ = {isa = PBXBuildFile; fileRef = 8AB88AC91F3871DC005DA815 /* UITableView+RegisterCells.swift */; };
		8AB88ACD1F387215005DA815 /* UITableViewCell+ReusableCell.swift in Sources */ = {isa = PBXBuildFile; fileRef = 8AB88ACC1F387215005DA815 /* UITableViewCell+ReusableCell.swift */; };
		8AB88ACF1F387248005DA815 /* ReusableCell.swift in Sources */ = {isa = PBXBuildFile; fileRef = 8AB88ACE1F387248005DA815 /* ReusableCell.swift */; };
		8AB88AD41F3876E9005DA815 /* TextViewPlateTableViewCell.swift in Sources */ = {isa = PBXBuildFile; fileRef = 8AB88AD11F3876E9005DA815 /* TextViewPlateTableViewCell.swift */; };
		8AB88AD51F3876E9005DA815 /* TextViewPlateTableViewCell.xib in Resources */ = {isa = PBXBuildFile; fileRef = 8AB88AD21F3876E9005DA815 /* TextViewPlateTableViewCell.xib */; };
		8AB88AD61F3876E9005DA815 /* TextViewPlateTableViewCellModel.swift in Sources */ = {isa = PBXBuildFile; fileRef = 8AB88AD31F3876E9005DA815 /* TextViewPlateTableViewCellModel.swift */; };
		8AB88AD81F38773C005DA815 /* TextViewWithPlaceholder.swift in Sources */ = {isa = PBXBuildFile; fileRef = 8AB88AD71F38773C005DA815 /* TextViewWithPlaceholder.swift */; };
		8AB88ADC1F387A89005DA815 /* DefaultTableHeaderView.swift in Sources */ = {isa = PBXBuildFile; fileRef = 8AB88ADA1F387A89005DA815 /* DefaultTableHeaderView.swift */; };
		8AB88ADD1F387A89005DA815 /* DefaultTableHeaderView.xib in Resources */ = {isa = PBXBuildFile; fileRef = 8AB88ADB1F387A89005DA815 /* DefaultTableHeaderView.xib */; };
		8AB88ADF1F387AFA005DA815 /* UITableView+Reuse.swift in Sources */ = {isa = PBXBuildFile; fileRef = 8AB88ADE1F387AF9005DA815 /* UITableView+Reuse.swift */; };
		8AB88AE21F387B45005DA815 /* UIHeaderFooterView+Reuse.swift in Sources */ = {isa = PBXBuildFile; fileRef = 8AB88AE11F387B45005DA815 /* UIHeaderFooterView+Reuse.swift */; };
		8AB88AE41F387BBB005DA815 /* UITableView+CellViewModel.swift in Sources */ = {isa = PBXBuildFile; fileRef = 8AB88AE31F387BBB005DA815 /* UITableView+CellViewModel.swift */; };
		8AB88AE71F387F43005DA815 /* BottomButton.swift in Sources */ = {isa = PBXBuildFile; fileRef = 8AB88AE61F387F43005DA815 /* BottomButton.swift */; };
		8AB88AE91F387F81005DA815 /* UIView+Anchor.swift in Sources */ = {isa = PBXBuildFile; fileRef = 8AB88AE81F387F81005DA815 /* UIView+Anchor.swift */; };
		8AB88AEB1F38801A005DA815 /* UITableView+BottomInset.swift in Sources */ = {isa = PBXBuildFile; fileRef = 8AB88AEA1F38801A005DA815 /* UITableView+BottomInset.swift */; };
		8AB88AED1F388CB6005DA815 /* UserDefaultHelper.swift in Sources */ = {isa = PBXBuildFile; fileRef = 8AB88AEC1F388CB6005DA815 /* UserDefaultHelper.swift */; };
		8AB88AEF1F388EBB005DA815 /* UIViewController+NavigationBarItems.swift in Sources */ = {isa = PBXBuildFile; fileRef = 8AB88AEE1F388EBB005DA815 /* UIViewController+NavigationBarItems.swift */; };
		8AB88AF11F3890F4005DA815 /* ApiManager.swift in Sources */ = {isa = PBXBuildFile; fileRef = 8AB88AF01F3890F4005DA815 /* ApiManager.swift */; };
		8AB88AF31F38915B005DA815 /* Constants.swift in Sources */ = {isa = PBXBuildFile; fileRef = 8AB88AF21F38915B005DA815 /* Constants.swift */; };
		8AB88AF51F38920D005DA815 /* Reachability.swift in Sources */ = {isa = PBXBuildFile; fileRef = 8AB88AF41F38920D005DA815 /* Reachability.swift */; };
		8AE792F01F3849DD00526845 /* AskIssueViewController.swift in Sources */ = {isa = PBXBuildFile; fileRef = 8AE792EF1F3849DD00526845 /* AskIssueViewController.swift */; };
/* End PBXBuildFile section */

/* Begin PBXFileReference section */
		245396F1ADC64917687797B1 /* Pods-lksh-ios-cream.debug.xcconfig */ = {isa = PBXFileReference; includeInIndex = 1; lastKnownFileType = text.xcconfig; name = "Pods-lksh-ios-cream.debug.xcconfig"; path = "Pods/Target Support Files/Pods-lksh-ios-cream/Pods-lksh-ios-cream.debug.xcconfig"; sourceTree = "<group>"; };
		7A86BBCE0D4365D204C7CAF6 /* Pods-lksh-ios-cream.release.xcconfig */ = {isa = PBXFileReference; includeInIndex = 1; lastKnownFileType = text.xcconfig; name = "Pods-lksh-ios-cream.release.xcconfig"; path = "Pods/Target Support Files/Pods-lksh-ios-cream/Pods-lksh-ios-cream.release.xcconfig"; sourceTree = "<group>"; };
		8A1E23321F39B6AB00157BB0 /* UITextView+HtmlRender.swift */ = {isa = PBXFileReference; lastKnownFileType = sourcecode.swift; name = "UITextView+HtmlRender.swift"; path = "Extensions/UITextView+HtmlRender.swift"; sourceTree = "<group>"; };
		8A47A1851F359411008C4271 /* lksh-ios-cream.app */ = {isa = PBXFileReference; explicitFileType = wrapper.application; includeInIndex = 0; path = "lksh-ios-cream.app"; sourceTree = BUILT_PRODUCTS_DIR; };
		8A47A1881F359411008C4271 /* AppDelegate.swift */ = {isa = PBXFileReference; lastKnownFileType = sourcecode.swift; path = AppDelegate.swift; sourceTree = "<group>"; };
		8A47A18F1F359411008C4271 /* Assets.xcassets */ = {isa = PBXFileReference; lastKnownFileType = folder.assetcatalog; path = Assets.xcassets; sourceTree = "<group>"; };
		8A47A19F1F3596D2008C4271 /* MainViewController.swift */ = {isa = PBXFileReference; fileEncoding = 4; lastKnownFileType = sourcecode.swift; name = MainViewController.swift; path = ViewControllers/MainViewController.swift; sourceTree = "<group>"; };
		8A47A1A11F3596D7008C4271 /* Info.plist */ = {isa = PBXFileReference; fileEncoding = 4; lastKnownFileType = text.plist.xml; name = Info.plist; path = Config/Info.plist; sourceTree = "<group>"; };
		8A47A1A61F35B263008C4271 /* TipEntity.swift */ = {isa = PBXFileReference; fileEncoding = 4; lastKnownFileType = sourcecode.swift; name = TipEntity.swift; path = Entities/TipEntity.swift; sourceTree = "<group>"; };
		8A47A1A91F35B8B9008C4271 /* TipView.swift */ = {isa = PBXFileReference; fileEncoding = 4; lastKnownFileType = sourcecode.swift; name = TipView.swift; path = Custom/TipView.swift; sourceTree = "<group>"; };
		8A47A1AC1F35B914008C4271 /* UIView+Nibload.swift */ = {isa = PBXFileReference; fileEncoding = 4; lastKnownFileType = sourcecode.swift; name = "UIView+Nibload.swift"; path = "Extensions/UIView+Nibload.swift"; sourceTree = "<group>"; };
		8A47A1B01F35B9C8008C4271 /* TipView.xib */ = {isa = PBXFileReference; fileEncoding = 4; lastKnownFileType = file.xib; name = TipView.xib; path = Custom/TipView.xib; sourceTree = "<group>"; };
		8A47A1B31F35C475008C4271 /* UIFont+AppFonts.swift */ = {isa = PBXFileReference; fileEncoding = 4; lastKnownFileType = sourcecode.swift; name = "UIFont+AppFonts.swift"; path = "Extensions/UIFont+AppFonts.swift"; sourceTree = "<group>"; };
		8A47A1B71F35CABD008C4271 /* UIColor+ColorsPalette.swift */ = {isa = PBXFileReference; fileEncoding = 4; lastKnownFileType = sourcecode.swift; name = "UIColor+ColorsPalette.swift"; path = "Extensions/UIColor+ColorsPalette.swift"; sourceTree = "<group>"; };
		8A47A1B91F35CB03008C4271 /* UIColor+Hex.swift */ = {isa = PBXFileReference; fileEncoding = 4; lastKnownFileType = sourcecode.swift; name = "UIColor+Hex.swift"; path = "Extensions/UIColor+Hex.swift"; sourceTree = "<group>"; };
		8A47A1BC1F35CB45008C4271 /* String+Range.swift */ = {isa = PBXFileReference; fileEncoding = 4; lastKnownFileType = sourcecode.swift; name = "String+Range.swift"; path = "Extensions/String+Range.swift"; sourceTree = "<group>"; };
		8A9C3CDC1F38B507005941CE /* UILabel+HtmlRender.swift */ = {isa = PBXFileReference; fileEncoding = 4; lastKnownFileType = sourcecode.swift; name = "UILabel+HtmlRender.swift"; path = "Extensions/UILabel+HtmlRender.swift"; sourceTree = "<group>"; };
		8A9C3CDF1F39868B005941CE /* String+TimeConvert.swift */ = {isa = PBXFileReference; fileEncoding = 4; lastKnownFileType = sourcecode.swift; name = "String+TimeConvert.swift"; path = "Extensions/String+TimeConvert.swift"; sourceTree = "<group>"; };
		8A9C3CE21F399024005941CE /* ActionsForViewController.swift */ = {isa = PBXFileReference; fileEncoding = 4; lastKnownFileType = sourcecode.swift; name = ActionsForViewController.swift; path = Protocols/ActionsForViewController.swift; sourceTree = "<group>"; };
		8A9C3CE51F399315005941CE /* RealmConfiguration.swift */ = {isa = PBXFileReference; fileEncoding = 4; lastKnownFileType = sourcecode.swift; name = RealmConfiguration.swift; path = Helpers/RealmConfiguration.swift; sourceTree = "<group>"; };
		8A9C3CE71F399330005941CE /* Realm+Writing.swift */ = {isa = PBXFileReference; fileEncoding = 4; lastKnownFileType = sourcecode.swift; name = "Realm+Writing.swift"; path = "Helpers/Realm+Writing.swift"; sourceTree = "<group>"; };
		8A9C3CE91F399365005941CE /* DataModelCollection.swift */ = {isa = PBXFileReference; fileEncoding = 4; lastKnownFileType = sourcecode.swift; name = DataModelCollection.swift; path = Helpers/DataModelCollection.swift; sourceTree = "<group>"; };
		8A9C3CEC1F3993D9005941CE /* Notification+RealmError.swift */ = {isa = PBXFileReference; fileEncoding = 4; lastKnownFileType = sourcecode.swift; name = "Notification+RealmError.swift"; path = "Extensions/Notification+RealmError.swift"; sourceTree = "<group>"; };
		8A9C3CEE1F39945A005941CE /* List+RemoveDublicates.swift */ = {isa = PBXFileReference; fileEncoding = 4; lastKnownFileType = sourcecode.swift; name = "List+RemoveDublicates.swift"; path = "Helpers/List+RemoveDublicates.swift"; sourceTree = "<group>"; };
		8AB88A9C1F384CED005DA815 /* LaunchScreen.storyboard */ = {isa = PBXFileReference; fileEncoding = 4; lastKnownFileType = file.storyboard; name = LaunchScreen.storyboard; path = Storyboards/LaunchScreen.storyboard; sourceTree = "<group>"; };
		8AB88AA01F384D3C005DA815 /* Storyboards.swift */ = {isa = PBXFileReference; fileEncoding = 4; lastKnownFileType = sourcecode.swift; name = Storyboards.swift; path = Storyboards/Storyboards.swift; sourceTree = "<group>"; };
		8AB88AA21F384F2B005DA815 /* Main.storyboard */ = {isa = PBXFileReference; fileEncoding = 4; lastKnownFileType = file.storyboard; name = Main.storyboard; path = Storyboards/Main.storyboard; sourceTree = "<group>"; };
		8AB88AA41F385388005DA815 /* AuthViewController.swift */ = {isa = PBXFileReference; fileEncoding = 4; lastKnownFileType = sourcecode.swift; name = AuthViewController.swift; path = ViewControllers/AuthViewController.swift; sourceTree = "<group>"; };
		8AB88AA91F385986005DA815 /* String+Localize.swift */ = {isa = PBXFileReference; fileEncoding = 4; lastKnownFileType = sourcecode.swift; name = "String+Localize.swift"; path = "Extensions/String+Localize.swift"; sourceTree = "<group>"; };
		8AB88AAC1F385B90005DA815 /* KeyboardHandler.swift */ = {isa = PBXFileReference; fileEncoding = 4; lastKnownFileType = sourcecode.swift; name = KeyboardHandler.swift; path = Helpers/KeyboardHandler.swift; sourceTree = "<group>"; };
		8AB88AAF1F385C31005DA815 /* UIViewController+KeyboardDelegate.swift */ = {isa = PBXFileReference; fileEncoding = 4; lastKnownFileType = sourcecode.swift; name = "UIViewController+KeyboardDelegate.swift"; path = "Extensions/UIViewController+KeyboardDelegate.swift"; sourceTree = "<group>"; };
		8AB88AB31F3862C4005DA815 /* ActionButton.swift */ = {isa = PBXFileReference; fileEncoding = 4; lastKnownFileType = sourcecode.swift; name = ActionButton.swift; path = Custom/ActionButton.swift; sourceTree = "<group>"; };
		8AB88AB51F3862F0005DA815 /* UIColor+Brightness.swift */ = {isa = PBXFileReference; fileEncoding = 4; lastKnownFileType = sourcecode.swift; name = "UIColor+Brightness.swift"; path = "Extensions/UIColor+Brightness.swift"; sourceTree = "<group>"; };
		8AB88AB81F3864F5005DA815 /* NavigationViewController.swift */ = {isa = PBXFileReference; fileEncoding = 4; lastKnownFileType = sourcecode.swift; name = NavigationViewController.swift; path = ViewControllers/NavigationViewController.swift; sourceTree = "<group>"; };
		8AB88ABC1F387034005DA815 /* TextFieldPlateTableViewCell.swift */ = {isa = PBXFileReference; fileEncoding = 4; lastKnownFileType = sourcecode.swift; name = TextFieldPlateTableViewCell.swift; path = Custom/TextFieldPlateTableViewCell.swift; sourceTree = "<group>"; };
		8AB88ABD1F387034005DA815 /* TextFieldPlateTableViewCell.xib */ = {isa = PBXFileReference; fileEncoding = 4; lastKnownFileType = file.xib; name = TextFieldPlateTableViewCell.xib; path = Custom/TextFieldPlateTableViewCell.xib; sourceTree = "<group>"; };
		8AB88ABE1F387034005DA815 /* TextFieldPlateTableViewCellModel.swift */ = {isa = PBXFileReference; fileEncoding = 4; lastKnownFileType = sourcecode.swift; name = TextFieldPlateTableViewCellModel.swift; path = Custom/TextFieldPlateTableViewCellModel.swift; sourceTree = "<group>"; };
		8AB88AC21F3870A1005DA815 /* CellViewAnyModel.swift */ = {isa = PBXFileReference; fileEncoding = 4; lastKnownFileType = sourcecode.swift; name = CellViewAnyModel.swift; path = Helpers/CellViewAnyModel.swift; sourceTree = "<group>"; };
		8AB88AC41F3870C3005DA815 /* DisplayCollection.swift */ = {isa = PBXFileReference; fileEncoding = 4; lastKnownFileType = sourcecode.swift; name = DisplayCollection.swift; path = Helpers/DisplayCollection.swift; sourceTree = "<group>"; };
		8AB88AC61F38710A005DA815 /* AskIssueViewModel.swift */ = {isa = PBXFileReference; fileEncoding = 4; lastKnownFileType = sourcecode.swift; name = AskIssueViewModel.swift; path = ViewControllers/AskIssueViewModel.swift; sourceTree = "<group>"; };
		8AB88AC91F3871DC005DA815 /* UITableView+RegisterCells.swift */ = {isa = PBXFileReference; fileEncoding = 4; lastKnownFileType = sourcecode.swift; name = "UITableView+RegisterCells.swift"; path = "Extensions/UITableView+RegisterCells.swift"; sourceTree = "<group>"; };
		8AB88ACC1F387215005DA815 /* UITableViewCell+ReusableCell.swift */ = {isa = PBXFileReference; fileEncoding = 4; lastKnownFileType = sourcecode.swift; name = "UITableViewCell+ReusableCell.swift"; path = "Extensions/UITableViewCell+ReusableCell.swift"; sourceTree = "<group>"; };
		8AB88ACE1F387248005DA815 /* ReusableCell.swift */ = {isa = PBXFileReference; fileEncoding = 4; lastKnownFileType = sourcecode.swift; name = ReusableCell.swift; path = Helpers/ReusableCell.swift; sourceTree = "<group>"; };
		8AB88AD11F3876E9005DA815 /* TextViewPlateTableViewCell.swift */ = {isa = PBXFileReference; fileEncoding = 4; lastKnownFileType = sourcecode.swift; name = TextViewPlateTableViewCell.swift; path = Custom/TextViewPlateTableViewCell.swift; sourceTree = "<group>"; };
		8AB88AD21F3876E9005DA815 /* TextViewPlateTableViewCell.xib */ = {isa = PBXFileReference; fileEncoding = 4; lastKnownFileType = file.xib; name = TextViewPlateTableViewCell.xib; path = Custom/TextViewPlateTableViewCell.xib; sourceTree = "<group>"; };
		8AB88AD31F3876E9005DA815 /* TextViewPlateTableViewCellModel.swift */ = {isa = PBXFileReference; fileEncoding = 4; lastKnownFileType = sourcecode.swift; name = TextViewPlateTableViewCellModel.swift; path = Custom/TextViewPlateTableViewCellModel.swift; sourceTree = "<group>"; };
		8AB88AD71F38773C005DA815 /* TextViewWithPlaceholder.swift */ = {isa = PBXFileReference; fileEncoding = 4; lastKnownFileType = sourcecode.swift; name = TextViewWithPlaceholder.swift; path = Helpers/TextViewWithPlaceholder.swift; sourceTree = "<group>"; };
		8AB88ADA1F387A89005DA815 /* DefaultTableHeaderView.swift */ = {isa = PBXFileReference; fileEncoding = 4; lastKnownFileType = sourcecode.swift; name = DefaultTableHeaderView.swift; path = Custom/DefaultTableHeaderView.swift; sourceTree = "<group>"; };
		8AB88ADB1F387A89005DA815 /* DefaultTableHeaderView.xib */ = {isa = PBXFileReference; fileEncoding = 4; lastKnownFileType = file.xib; name = DefaultTableHeaderView.xib; path = Custom/DefaultTableHeaderView.xib; sourceTree = "<group>"; };
		8AB88ADE1F387AF9005DA815 /* UITableView+Reuse.swift */ = {isa = PBXFileReference; fileEncoding = 4; lastKnownFileType = sourcecode.swift; name = "UITableView+Reuse.swift"; path = "Extensions/UITableView+Reuse.swift"; sourceTree = "<group>"; };
		8AB88AE11F387B45005DA815 /* UIHeaderFooterView+Reuse.swift */ = {isa = PBXFileReference; fileEncoding = 4; lastKnownFileType = sourcecode.swift; name = "UIHeaderFooterView+Reuse.swift"; path = "Extensions/UIHeaderFooterView+Reuse.swift"; sourceTree = "<group>"; };
		8AB88AE31F387BBB005DA815 /* UITableView+CellViewModel.swift */ = {isa = PBXFileReference; fileEncoding = 4; lastKnownFileType = sourcecode.swift; name = "UITableView+CellViewModel.swift"; path = "Extensions/UITableView+CellViewModel.swift"; sourceTree = "<group>"; };
		8AB88AE61F387F43005DA815 /* BottomButton.swift */ = {isa = PBXFileReference; fileEncoding = 4; lastKnownFileType = sourcecode.swift; name = BottomButton.swift; path = Custom/BottomButton.swift; sourceTree = "<group>"; };
		8AB88AE81F387F81005DA815 /* UIView+Anchor.swift */ = {isa = PBXFileReference; fileEncoding = 4; lastKnownFileType = sourcecode.swift; name = "UIView+Anchor.swift"; path = "Extensions/UIView+Anchor.swift"; sourceTree = "<group>"; };
		8AB88AEA1F38801A005DA815 /* UITableView+BottomInset.swift */ = {isa = PBXFileReference; fileEncoding = 4; lastKnownFileType = sourcecode.swift; name = "UITableView+BottomInset.swift"; path = "Extensions/UITableView+BottomInset.swift"; sourceTree = "<group>"; };
		8AB88AEC1F388CB6005DA815 /* UserDefaultHelper.swift */ = {isa = PBXFileReference; fileEncoding = 4; lastKnownFileType = sourcecode.swift; name = UserDefaultHelper.swift; path = Helpers/UserDefaultHelper.swift; sourceTree = "<group>"; };
		8AB88AEE1F388EBB005DA815 /* UIViewController+NavigationBarItems.swift */ = {isa = PBXFileReference; fileEncoding = 4; lastKnownFileType = sourcecode.swift; name = "UIViewController+NavigationBarItems.swift"; path = "Extensions/UIViewController+NavigationBarItems.swift"; sourceTree = "<group>"; };
		8AB88AF01F3890F4005DA815 /* ApiManager.swift */ = {isa = PBXFileReference; fileEncoding = 4; lastKnownFileType = sourcecode.swift; name = ApiManager.swift; path = Helpers/ApiManager.swift; sourceTree = "<group>"; };
		8AB88AF21F38915B005DA815 /* Constants.swift */ = {isa = PBXFileReference; fileEncoding = 4; lastKnownFileType = sourcecode.swift; name = Constants.swift; path = Config/Constants.swift; sourceTree = "<group>"; };
		8AB88AF41F38920D005DA815 /* Reachability.swift */ = {isa = PBXFileReference; fileEncoding = 4; lastKnownFileType = sourcecode.swift; name = Reachability.swift; path = Helpers/Reachability.swift; sourceTree = "<group>"; };
		8AE792EF1F3849DD00526845 /* AskIssueViewController.swift */ = {isa = PBXFileReference; fileEncoding = 4; lastKnownFileType = sourcecode.swift; name = AskIssueViewController.swift; path = ViewControllers/AskIssueViewController.swift; sourceTree = "<group>"; };
		D3E6C93BAC61FF18EC7F4E23 /* Pods_lksh_ios_cream.framework */ = {isa = PBXFileReference; explicitFileType = wrapper.framework; includeInIndex = 0; path = Pods_lksh_ios_cream.framework; sourceTree = BUILT_PRODUCTS_DIR; };
/* End PBXFileReference section */

/* Begin PBXFrameworksBuildPhase section */
		8A47A1821F359411008C4271 /* Frameworks */ = {
			isa = PBXFrameworksBuildPhase;
			buildActionMask = 2147483647;
			files = (
				8328AEC549406583850952D9 /* Pods_lksh_ios_cream.framework in Frameworks */,
			);
			runOnlyForDeploymentPostprocessing = 0;
		};
/* End PBXFrameworksBuildPhase section */

/* Begin PBXGroup section */
		46E1B2040B0396F881D3CB9E /* Frameworks */ = {
			isa = PBXGroup;
			children = (
				D3E6C93BAC61FF18EC7F4E23 /* Pods_lksh_ios_cream.framework */,
			);
			name = Frameworks;
			sourceTree = "<group>";
		};
		84EA5436A0F3C88A23A1D93D /* Pods */ = {
			isa = PBXGroup;
			children = (
				245396F1ADC64917687797B1 /* Pods-lksh-ios-cream.debug.xcconfig */,
				7A86BBCE0D4365D204C7CAF6 /* Pods-lksh-ios-cream.release.xcconfig */,
			);
			name = Pods;
			sourceTree = "<group>";
		};
		8A1E23311F39B68F00157BB0 /* UITextView */ = {
			isa = PBXGroup;
			children = (
				8A1E23321F39B6AB00157BB0 /* UITextView+HtmlRender.swift */,
			);
			name = UITextView;
			sourceTree = "<group>";
		};
		8A47A17C1F359411008C4271 = {
			isa = PBXGroup;
			children = (
				8A47A1871F359411008C4271 /* lksh-ios-cream */,
				8A47A1861F359411008C4271 /* Products */,
				84EA5436A0F3C88A23A1D93D /* Pods */,
				46E1B2040B0396F881D3CB9E /* Frameworks */,
			);
			sourceTree = "<group>";
		};
		8A47A1861F359411008C4271 /* Products */ = {
			isa = PBXGroup;
			children = (
				8A47A1851F359411008C4271 /* lksh-ios-cream.app */,
			);
			name = Products;
			sourceTree = "<group>";
		};
		8A47A1871F359411008C4271 /* lksh-ios-cream */ = {
			isa = PBXGroup;
			children = (
				8A47A19B1F35944C008C4271 /* Sources */,
				8A47A19C1F35945B008C4271 /* Resources */,
			);
			path = "lksh-ios-cream";
			sourceTree = "<group>";
		};
		8A47A19A1F359436008C4271 /* Storyboards */ = {
			isa = PBXGroup;
			children = (
				8AB88AA01F384D3C005DA815 /* Storyboards.swift */,
				8A47A1A41F35A720008C4271 /* Launch */,
				8AB88AA21F384F2B005DA815 /* Main.storyboard */,
			);
			name = Storyboards;
			sourceTree = "<group>";
		};
		8A47A19B1F35944C008C4271 /* Sources */ = {
			isa = PBXGroup;
			children = (
				8A47A1881F359411008C4271 /* AppDelegate.swift */,
				8A47A19E1F35948A008C4271 /* ViewControllers */,
				8A47A1A51F35AE81008C4271 /* Entities */,
				8A47A1A81F35B832008C4271 /* Custom */,
				8AB88AAB1F385B7D005DA815 /* Helpers */,
				8A9C3CE11F39900D005941CE /* Protocols */,
				8A47A1AB1F35B8F5008C4271 /* Extenstions */,
			);
			name = Sources;
			sourceTree = "<group>";
		};
		8A47A19C1F35945B008C4271 /* Resources */ = {
			isa = PBXGroup;
			children = (
				8A47A19A1F359436008C4271 /* Storyboards */,
				8A47A19D1F35947B008C4271 /* Config */,
				8A47A18F1F359411008C4271 /* Assets.xcassets */,
			);
			name = Resources;
			sourceTree = "<group>";
		};
		8A47A19D1F35947B008C4271 /* Config */ = {
			isa = PBXGroup;
			children = (
				8AB88AF21F38915B005DA815 /* Constants.swift */,
				8A47A1A11F3596D7008C4271 /* Info.plist */,
			);
			name = Config;
			sourceTree = "<group>";
		};
		8A47A19E1F35948A008C4271 /* ViewControllers */ = {
			isa = PBXGroup;
			children = (
				8AB88AB71F3864E5005DA815 /* Base */,
				8AB88AA61F38538C005DA815 /* Main */,
				8AB88AA71F385396005DA815 /* AskIssue */,
				8AB88AA81F3853A6005DA815 /* Auth */,
			);
			name = ViewControllers;
			sourceTree = "<group>";
		};
		8A47A1A41F35A720008C4271 /* Launch */ = {
			isa = PBXGroup;
			children = (
				8AB88A9C1F384CED005DA815 /* LaunchScreen.storyboard */,
			);
			name = Launch;
			sourceTree = "<group>";
		};
		8A47A1A51F35AE81008C4271 /* Entities */ = {
			isa = PBXGroup;
			children = (
				8A47A1A61F35B263008C4271 /* TipEntity.swift */,
			);
			name = Entities;
			sourceTree = "<group>";
		};
		8A47A1A81F35B832008C4271 /* Custom */ = {
			isa = PBXGroup;
			children = (
				8AB88ABA1F387008005DA815 /* Cells */,
				8A47A1AE1F35B97E008C4271 /* Views */,
				8AB88AB11F3862AD005DA815 /* Buttons */,
			);
			name = Custom;
			sourceTree = "<group>";
		};
		8A47A1AB1F35B8F5008C4271 /* Extenstions */ = {
			isa = PBXGroup;
			children = (
				8A1E23311F39B68F00157BB0 /* UITextView */,
				8A9C3CEB1F3993C2005941CE /* Notification */,
				8A9C3CDE1F3983D3005941CE /* UILabel */,
				8AB88AE01F387B26005DA815 /* UITableViewHeaderFooterView */,
				8AB88ACB1F387200005DA815 /* UITableViewCell */,
				8AB88AC81F3871C8005DA815 /* UITableView */,
				8AB88AAE1F385C19005DA815 /* UIViewController */,
				8A47A1B21F35C458008C4271 /* UIView */,
				8A47A1B51F35C47A008C4271 /* UIFont */,
				8A47A1B61F35CA96008C4271 /* UIColor */,
				8A47A1BB1F35CB33008C4271 /* String */,
			);
			name = Extenstions;
			sourceTree = "<group>";
		};
		8A47A1AE1F35B97E008C4271 /* Views */ = {
			isa = PBXGroup;
			children = (
				8AB88AD91F387A74005DA815 /* DefaultHeaderView */,
				8A47A1AF1F35B98A008C4271 /* TipView */,
			);
			name = Views;
			sourceTree = "<group>";
		};
		8A47A1AF1F35B98A008C4271 /* TipView */ = {
			isa = PBXGroup;
			children = (
				8A47A1A91F35B8B9008C4271 /* TipView.swift */,
				8A47A1B01F35B9C8008C4271 /* TipView.xib */,
			);
			name = TipView;
			sourceTree = "<group>";
		};
		8A47A1B21F35C458008C4271 /* UIView */ = {
			isa = PBXGroup;
			children = (
				8A47A1AC1F35B914008C4271 /* UIView+Nibload.swift */,
				8AB88AE81F387F81005DA815 /* UIView+Anchor.swift */,
			);
			name = UIView;
			sourceTree = "<group>";
		};
		8A47A1B51F35C47A008C4271 /* UIFont */ = {
			isa = PBXGroup;
			children = (
				8A47A1B31F35C475008C4271 /* UIFont+AppFonts.swift */,
			);
			name = UIFont;
			sourceTree = "<group>";
		};
		8A47A1B61F35CA96008C4271 /* UIColor */ = {
			isa = PBXGroup;
			children = (
				8A47A1B71F35CABD008C4271 /* UIColor+ColorsPalette.swift */,
				8A47A1B91F35CB03008C4271 /* UIColor+Hex.swift */,
				8AB88AB51F3862F0005DA815 /* UIColor+Brightness.swift */,
			);
			name = UIColor;
			sourceTree = "<group>";
		};
		8A47A1BB1F35CB33008C4271 /* String */ = {
			isa = PBXGroup;
			children = (
				8A47A1BC1F35CB45008C4271 /* String+Range.swift */,
				8AB88AA91F385986005DA815 /* String+Localize.swift */,
				8A9C3CDF1F39868B005941CE /* String+TimeConvert.swift */,
			);
			name = String;
			sourceTree = "<group>";
		};
		8A9C3CDE1F3983D3005941CE /* UILabel */ = {
			isa = PBXGroup;
			children = (
				8A9C3CDC1F38B507005941CE /* UILabel+HtmlRender.swift */,
			);
			name = UILabel;
			sourceTree = "<group>";
		};
		8A9C3CE11F39900D005941CE /* Protocols */ = {
			isa = PBXGroup;
			children = (
				8A9C3CE21F399024005941CE /* ActionsForViewController.swift */,
			);
			name = Protocols;
			sourceTree = "<group>";
		};
		8A9C3CE41F399305005941CE /* Realm */ = {
			isa = PBXGroup;
			children = (
				8A9C3CE51F399315005941CE /* RealmConfiguration.swift */,
				8A9C3CE71F399330005941CE /* Realm+Writing.swift */,
				8A9C3CE91F399365005941CE /* DataModelCollection.swift */,
				8A9C3CEE1F39945A005941CE /* List+RemoveDublicates.swift */,
			);
			name = Realm;
			sourceTree = "<group>";
		};
		8A9C3CEB1F3993C2005941CE /* Notification */ = {
			isa = PBXGroup;
			children = (
				8A9C3CEC1F3993D9005941CE /* Notification+RealmError.swift */,
			);
			name = Notification;
			sourceTree = "<group>";
		};
		8AB88AA61F38538C005DA815 /* Main */ = {
			isa = PBXGroup;
			children = (
				8A47A19F1F3596D2008C4271 /* MainViewController.swift */,
			);
			name = Main;
			sourceTree = "<group>";
		};
		8AB88AA71F385396005DA815 /* AskIssue */ = {
			isa = PBXGroup;
			children = (
				8AE792EF1F3849DD00526845 /* AskIssueViewController.swift */,
				8AB88AC61F38710A005DA815 /* AskIssueViewModel.swift */,
			);
			name = AskIssue;
			sourceTree = "<group>";
		};
		8AB88AA81F3853A6005DA815 /* Auth */ = {
			isa = PBXGroup;
			children = (
				8AB88AA41F385388005DA815 /* AuthViewController.swift */,
			);
			name = Auth;
			sourceTree = "<group>";
		};
		8AB88AAB1F385B7D005DA815 /* Helpers */ = {
			isa = PBXGroup;
			children = (
				8A9C3CE41F399305005941CE /* Realm */,
				8AB88AAC1F385B90005DA815 /* KeyboardHandler.swift */,
				8AB88AC21F3870A1005DA815 /* CellViewAnyModel.swift */,
				8AB88AC41F3870C3005DA815 /* DisplayCollection.swift */,
				8AB88ACE1F387248005DA815 /* ReusableCell.swift */,
				8AB88AD71F38773C005DA815 /* TextViewWithPlaceholder.swift */,
				8AB88AEC1F388CB6005DA815 /* UserDefaultHelper.swift */,
				8AB88AF01F3890F4005DA815 /* ApiManager.swift */,
				8AB88AF41F38920D005DA815 /* Reachability.swift */,
			);
			name = Helpers;
			sourceTree = "<group>";
		};
		8AB88AAE1F385C19005DA815 /* UIViewController */ = {
			isa = PBXGroup;
			children = (
				8AB88AAF1F385C31005DA815 /* UIViewController+KeyboardDelegate.swift */,
				8AB88AEE1F388EBB005DA815 /* UIViewController+NavigationBarItems.swift */,
			);
			name = UIViewController;
			sourceTree = "<group>";
		};
		8AB88AB11F3862AD005DA815 /* Buttons */ = {
			isa = PBXGroup;
			children = (
				8AB88AE51F387F31005DA815 /* BottomButton */,
				8AB88AB21F3862B6005DA815 /* ActionButton */,
			);
			name = Buttons;
			sourceTree = "<group>";
		};
		8AB88AB21F3862B6005DA815 /* ActionButton */ = {
			isa = PBXGroup;
			children = (
				8AB88AB31F3862C4005DA815 /* ActionButton.swift */,
			);
			name = ActionButton;
			sourceTree = "<group>";
		};
		8AB88AB71F3864E5005DA815 /* Base */ = {
			isa = PBXGroup;
			children = (
				8AB88AB81F3864F5005DA815 /* NavigationViewController.swift */,
			);
			name = Base;
			sourceTree = "<group>";
		};
		8AB88ABA1F387008005DA815 /* Cells */ = {
			isa = PBXGroup;
			children = (
				8AB88ABB1F387011005DA815 /* TextFieldTableViewCell */,
				8AB88AD01F3876D2005DA815 /* TextViewTableViewCell */,
			);
			name = Cells;
			sourceTree = "<group>";
		};
		8AB88ABB1F387011005DA815 /* TextFieldTableViewCell */ = {
			isa = PBXGroup;
			children = (
				8AB88ABD1F387034005DA815 /* TextFieldPlateTableViewCell.xib */,
				8AB88ABC1F387034005DA815 /* TextFieldPlateTableViewCell.swift */,
				8AB88ABE1F387034005DA815 /* TextFieldPlateTableViewCellModel.swift */,
			);
			name = TextFieldTableViewCell;
			sourceTree = "<group>";
		};
		8AB88AC81F3871C8005DA815 /* UITableView */ = {
			isa = PBXGroup;
			children = (
				8AB88AC91F3871DC005DA815 /* UITableView+RegisterCells.swift */,
				8AB88ADE1F387AF9005DA815 /* UITableView+Reuse.swift */,
				8AB88AE31F387BBB005DA815 /* UITableView+CellViewModel.swift */,
				8AB88AEA1F38801A005DA815 /* UITableView+BottomInset.swift */,
			);
			name = UITableView;
			sourceTree = "<group>";
		};
		8AB88ACB1F387200005DA815 /* UITableViewCell */ = {
			isa = PBXGroup;
			children = (
				8AB88ACC1F387215005DA815 /* UITableViewCell+ReusableCell.swift */,
			);
			name = UITableViewCell;
			sourceTree = "<group>";
		};
		8AB88AD01F3876D2005DA815 /* TextViewTableViewCell */ = {
			isa = PBXGroup;
			children = (
				8AB88AD21F3876E9005DA815 /* TextViewPlateTableViewCell.xib */,
				8AB88AD11F3876E9005DA815 /* TextViewPlateTableViewCell.swift */,
				8AB88AD31F3876E9005DA815 /* TextViewPlateTableViewCellModel.swift */,
			);
			name = TextViewTableViewCell;
			sourceTree = "<group>";
		};
		8AB88AD91F387A74005DA815 /* DefaultHeaderView */ = {
			isa = PBXGroup;
			children = (
				8AB88ADA1F387A89005DA815 /* DefaultTableHeaderView.swift */,
				8AB88ADB1F387A89005DA815 /* DefaultTableHeaderView.xib */,
			);
			name = DefaultHeaderView;
			sourceTree = "<group>";
		};
		8AB88AE01F387B26005DA815 /* UITableViewHeaderFooterView */ = {
			isa = PBXGroup;
			children = (
				8AB88AE11F387B45005DA815 /* UIHeaderFooterView+Reuse.swift */,
			);
			name = UITableViewHeaderFooterView;
			sourceTree = "<group>";
		};
		8AB88AE51F387F31005DA815 /* BottomButton */ = {
			isa = PBXGroup;
			children = (
				8AB88AE61F387F43005DA815 /* BottomButton.swift */,
			);
			name = BottomButton;
			sourceTree = "<group>";
		};
/* End PBXGroup section */

/* Begin PBXNativeTarget section */
		8A47A1841F359411008C4271 /* lksh-ios-cream */ = {
			isa = PBXNativeTarget;
			buildConfigurationList = 8A47A1971F359411008C4271 /* Build configuration list for PBXNativeTarget "lksh-ios-cream" */;
			buildPhases = (
				C9CAA126E140FB35FEF91273 /* [CP] Check Pods Manifest.lock */,
				8A47A1811F359411008C4271 /* Sources */,
				8A47A1821F359411008C4271 /* Frameworks */,
				8A47A1831F359411008C4271 /* Resources */,
				8A47A1A31F3597A7008C4271 /* Swiftlint */,
				52D6023FFDE81D3C7DCE2A56 /* [CP] Embed Pods Frameworks */,
				7275A4A956E313F2FFEB3058 /* [CP] Copy Pods Resources */,
				8AB88A9B1F384CA7005DA815 /* Natalie */,
			);
			buildRules = (
			);
			dependencies = (
			);
			name = "lksh-ios-cream";
			productName = "lksh-ios-cream";
			productReference = 8A47A1851F359411008C4271 /* lksh-ios-cream.app */;
			productType = "com.apple.product-type.application";
		};
/* End PBXNativeTarget section */

/* Begin PBXProject section */
		8A47A17D1F359411008C4271 /* Project object */ = {
			isa = PBXProject;
			attributes = {
				LastSwiftUpdateCheck = 0830;
				LastUpgradeCheck = 0900;
				ORGANIZATIONNAME = "Kirill Averyanov";
				TargetAttributes = {
					8A47A1841F359411008C4271 = {
						CreatedOnToolsVersion = 8.3.3;
						DevelopmentTeam = KH2KDZEEE3;
						LastSwiftMigration = 0900;
						ProvisioningStyle = Automatic;
					};
				};
			};
			buildConfigurationList = 8A47A1801F359411008C4271 /* Build configuration list for PBXProject "lksh-ios-cream" */;
			compatibilityVersion = "Xcode 3.2";
			developmentRegion = English;
			hasScannedForEncodings = 0;
			knownRegions = (
				en,
				Base,
			);
			mainGroup = 8A47A17C1F359411008C4271;
			productRefGroup = 8A47A1861F359411008C4271 /* Products */;
			projectDirPath = "";
			projectRoot = "";
			targets = (
				8A47A1841F359411008C4271 /* lksh-ios-cream */,
			);
		};
/* End PBXProject section */

/* Begin PBXResourcesBuildPhase section */
		8A47A1831F359411008C4271 /* Resources */ = {
			isa = PBXResourcesBuildPhase;
			buildActionMask = 2147483647;
			files = (
				8AB88ADD1F387A89005DA815 /* DefaultTableHeaderView.xib in Resources */,
				8AB88A9E1F384CED005DA815 /* LaunchScreen.storyboard in Resources */,
				8AB88AC01F387034005DA815 /* TextFieldPlateTableViewCell.xib in Resources */,
				8A47A1B11F35B9C8008C4271 /* TipView.xib in Resources */,
				8A47A1901F359411008C4271 /* Assets.xcassets in Resources */,
				8AB88AD51F3876E9005DA815 /* TextViewPlateTableViewCell.xib in Resources */,
				8AB88AA31F384F2B005DA815 /* Main.storyboard in Resources */,
			);
			runOnlyForDeploymentPostprocessing = 0;
		};
/* End PBXResourcesBuildPhase section */

/* Begin PBXShellScriptBuildPhase section */
		52D6023FFDE81D3C7DCE2A56 /* [CP] Embed Pods Frameworks */ = {
			isa = PBXShellScriptBuildPhase;
			buildActionMask = 2147483647;
			files = (
			);
			inputPaths = (
				"${SRCROOT}/Pods/Target Support Files/Pods-lksh-ios-cream/Pods-lksh-ios-cream-frameworks.sh",
				"${BUILT_PRODUCTS_DIR}/Alamofire/Alamofire.framework",
				"${BUILT_PRODUCTS_DIR}/Koloda/Koloda.framework",
				"${BUILT_PRODUCTS_DIR}/Realm/Realm.framework",
				"${BUILT_PRODUCTS_DIR}/RealmSwift/RealmSwift.framework",
				"${BUILT_PRODUCTS_DIR}/SDWebImage/SDWebImage.framework",
				"${BUILT_PRODUCTS_DIR}/SVProgressHUD/SVProgressHUD.framework",
				"${BUILT_PRODUCTS_DIR}/SwiftyJSON/SwiftyJSON.framework",
				"${BUILT_PRODUCTS_DIR}/pop/pop.framework",
			);
			name = "[CP] Embed Pods Frameworks";
			outputPaths = (
				"${TARGET_BUILD_DIR}/${FRAMEWORKS_FOLDER_PATH}/Alamofire.framework",
				"${TARGET_BUILD_DIR}/${FRAMEWORKS_FOLDER_PATH}/Koloda.framework",
				"${TARGET_BUILD_DIR}/${FRAMEWORKS_FOLDER_PATH}/Realm.framework",
				"${TARGET_BUILD_DIR}/${FRAMEWORKS_FOLDER_PATH}/RealmSwift.framework",
				"${TARGET_BUILD_DIR}/${FRAMEWORKS_FOLDER_PATH}/SDWebImage.framework",
				"${TARGET_BUILD_DIR}/${FRAMEWORKS_FOLDER_PATH}/SVProgressHUD.framework",
				"${TARGET_BUILD_DIR}/${FRAMEWORKS_FOLDER_PATH}/SwiftyJSON.framework",
				"${TARGET_BUILD_DIR}/${FRAMEWORKS_FOLDER_PATH}/pop.framework",
			);
			runOnlyForDeploymentPostprocessing = 0;
			shellPath = /bin/sh;
			shellScript = "\"${SRCROOT}/Pods/Target Support Files/Pods-lksh-ios-cream/Pods-lksh-ios-cream-frameworks.sh\"\n";
			showEnvVarsInLog = 0;
		};
		7275A4A956E313F2FFEB3058 /* [CP] Copy Pods Resources */ = {
			isa = PBXShellScriptBuildPhase;
			buildActionMask = 2147483647;
			files = (
			);
			inputPaths = (
			);
			name = "[CP] Copy Pods Resources";
			outputPaths = (
			);
			runOnlyForDeploymentPostprocessing = 0;
			shellPath = /bin/sh;
			shellScript = "\"${SRCROOT}/Pods/Target Support Files/Pods-lksh-ios-cream/Pods-lksh-ios-cream-resources.sh\"\n";
			showEnvVarsInLog = 0;
		};
		8A47A1A31F3597A7008C4271 /* Swiftlint */ = {
			isa = PBXShellScriptBuildPhase;
			buildActionMask = 2147483647;
			files = (
			);
			inputPaths = (
			);
			name = Swiftlint;
			outputPaths = (
			);
			runOnlyForDeploymentPostprocessing = 0;
			shellPath = /bin/sh;
			shellScript = "SWIFTLINT = ${PODS_ROOT}/SwiftLint/swiftlint\nSWFITLINT_CONFIG = ${PROJECT_DIR}/\n\nif which SWIFTLINT >/dev/null; then\nSWIFTLINT lint --config .swiftlint.yml\nelse\necho \"error: SwiftLint does not exist, download it from https://github.com/realm/SwiftLint\"\nexit 1\nfi";
		};
		8AB88A9B1F384CA7005DA815 /* Natalie */ = {
			isa = PBXShellScriptBuildPhase;
			buildActionMask = 2147483647;
			files = (
			);
			inputPaths = (
			);
			name = Natalie;
			outputPaths = (
			);
			runOnlyForDeploymentPostprocessing = 0;
			shellPath = /bin/sh;
			shellScript = "# По наличию/размеру CHMeetupApp.app в Derived Data определяется \"очищенность проекта\" и необходимость повторно исполнять Natalie. Возвращается Bool - является ли проект очищенным.\nCLEAN_CHECK=$PROJECT_DIR/Scripts/clean_check.sh\nif [ -e $CLEAN_CHECK ]; then\nisClean=\"$(bash $CLEAN_CHECK)\"\necho \"isClean: $isClean\"\nif [ $isClean -eq 0 ]; then # not clean\nexit\nfi\nelse\necho Scripts/clean_check.sh not found\nfi\n# Adjust path to \"natalie\" binary\n# NATALIE_PATH=\"$PROJECT_DIR/natalie\"\nNATALIE_PATH=\"/usr/local/bin/natalie\"\n\nif [ -f $NATALIE_PATH ]; then\nBASE_PATH=\"$PROJECT_DIR/$PROJECT_NAME\"\nOUTPUT_PATH=\"$BASE_PATH/Storyboards/Storyboards.swift\"\n\nif [ ! -e \"$OUTPUT_PATH\" ] || [ -n \"$(find \"$BASE_PATH\" -type f -name \"*.storyboard\" -newer \"$OUTPUT_PATH\" -print -quit)\" ]; then\necho \"Natalie Generator: Generated Swift is out-of-date; re-generating...\"\n\n/usr/bin/chflags nouchg \"$OUTPUT_PATH\"\n\"$NATALIE_PATH\" \"$BASE_PATH\" > \"$OUTPUT_PATH\"\n/usr/bin/chflags uchg \"$OUTPUT_PATH\"\n\necho \"Natalie Generator: Done.\"\nelse\necho \"Natalie Generator: Generated Swift is up-to-date; skipping re-generation.\"\nfi\nfi";
		};
		C9CAA126E140FB35FEF91273 /* [CP] Check Pods Manifest.lock */ = {
			isa = PBXShellScriptBuildPhase;
			buildActionMask = 2147483647;
			files = (
			);
			inputPaths = (
				"${PODS_PODFILE_DIR_PATH}/Podfile.lock",
				"${PODS_ROOT}/Manifest.lock",
			);
			name = "[CP] Check Pods Manifest.lock";
			outputPaths = (
				"$(DERIVED_FILE_DIR)/Pods-lksh-ios-cream-checkManifestLockResult.txt",
			);
			runOnlyForDeploymentPostprocessing = 0;
			shellPath = /bin/sh;
			shellScript = "diff \"${PODS_PODFILE_DIR_PATH}/Podfile.lock\" \"${PODS_ROOT}/Manifest.lock\" > /dev/null\nif [ $? != 0 ] ; then\n    # print error to STDERR\n    echo \"error: The sandbox is not in sync with the Podfile.lock. Run 'pod install' or update your CocoaPods installation.\" >&2\n    exit 1\nfi\n# This output is used by Xcode 'outputs' to avoid re-running this script phase.\necho \"SUCCESS\" > \"${SCRIPT_OUTPUT_FILE_0}\"\n";
			showEnvVarsInLog = 0;
		};
/* End PBXShellScriptBuildPhase section */

/* Begin PBXSourcesBuildPhase section */
		8A47A1811F359411008C4271 /* Sources */ = {
			isa = PBXSourcesBuildPhase;
			buildActionMask = 2147483647;
			files = (
				8AB88AE71F387F43005DA815 /* BottomButton.swift in Sources */,
				8AB88AAA1F385986005DA815 /* String+Localize.swift in Sources */,
				8AB88AE41F387BBB005DA815 /* UITableView+CellViewModel.swift in Sources */,
				8A47A1AD1F35B914008C4271 /* UIView+Nibload.swift in Sources */,
				8A47A1BD1F35CB45008C4271 /* String+Range.swift in Sources */,
				8A47A1BA1F35CB03008C4271 /* UIColor+Hex.swift in Sources */,
				8AB88AC51F3870C3005DA815 /* DisplayCollection.swift in Sources */,
				8AB88AC11F387034005DA815 /* TextFieldPlateTableViewCellModel.swift in Sources */,
				8A47A1B41F35C475008C4271 /* UIFont+AppFonts.swift in Sources */,
				8AB88AF11F3890F4005DA815 /* ApiManager.swift in Sources */,
				8AB88AE91F387F81005DA815 /* UIView+Anchor.swift in Sources */,
				8AB88ACD1F387215005DA815 /* UITableViewCell+ReusableCell.swift in Sources */,
				8AB88AA51F385388005DA815 /* AuthViewController.swift in Sources */,
				8AB88AA11F384D3C005DA815 /* Storyboards.swift in Sources */,
				8AB88ADC1F387A89005DA815 /* DefaultTableHeaderView.swift in Sources */,
				8AB88AF31F38915B005DA815 /* Constants.swift in Sources */,
				8A1E23331F39B6AB00157BB0 /* UITextView+HtmlRender.swift in Sources */,
				8AB88AB61F3862F0005DA815 /* UIColor+Brightness.swift in Sources */,
				8AB88AEF1F388EBB005DA815 /* UIViewController+NavigationBarItems.swift in Sources */,
				8AB88AD41F3876E9005DA815 /* TextViewPlateTableViewCell.swift in Sources */,
				8AB88AEB1F38801A005DA815 /* UITableView+BottomInset.swift in Sources */,
				8A9C3CE31F399024005941CE /* ActionsForViewController.swift in Sources */,
				8A9C3CED1F3993D9005941CE /* Notification+RealmError.swift in Sources */,
				8AB88AED1F388CB6005DA815 /* UserDefaultHelper.swift in Sources */,
				8AB88AB41F3862C4005DA815 /* ActionButton.swift in Sources */,
				8AB88ACF1F387248005DA815 /* ReusableCell.swift in Sources */,
				8A9C3CEF1F39945A005941CE /* List+RemoveDublicates.swift in Sources */,
				8AB88AD61F3876E9005DA815 /* TextViewPlateTableViewCellModel.swift in Sources */,
				8AB88AAD1F385B90005DA815 /* KeyboardHandler.swift in Sources */,
				8AB88AB01F385C31005DA815 /* UIViewController+KeyboardDelegate.swift in Sources */,
				8A47A1AA1F35B8B9008C4271 /* TipView.swift in Sources */,
				8AB88AB91F3864F5005DA815 /* NavigationViewController.swift in Sources */,
				8AB88AD81F38773C005DA815 /* TextViewWithPlaceholder.swift in Sources */,
				8A47A1891F359411008C4271 /* AppDelegate.swift in Sources */,
				8AB88AC31F3870A1005DA815 /* CellViewAnyModel.swift in Sources */,
				8A9C3CDD1F38B507005941CE /* UILabel+HtmlRender.swift in Sources */,
				8A9C3CEA1F399365005941CE /* DataModelCollection.swift in Sources */,
				8AE792F01F3849DD00526845 /* AskIssueViewController.swift in Sources */,
				8A9C3CE81F399330005941CE /* Realm+Writing.swift in Sources */,
				8AB88AF51F38920D005DA815 /* Reachability.swift in Sources */,
				8AB88ABF1F387034005DA815 /* TextFieldPlateTableViewCell.swift in Sources */,
				8AB88AE21F387B45005DA815 /* UIHeaderFooterView+Reuse.swift in Sources */,
				8A9C3CE61F399315005941CE /* RealmConfiguration.swift in Sources */,
				8A47A1B81F35CABD008C4271 /* UIColor+ColorsPalette.swift in Sources */,
				8A47A1A01F3596D2008C4271 /* MainViewController.swift in Sources */,
				8AB88ADF1F387AFA005DA815 /* UITableView+Reuse.swift in Sources */,
				8A47A1A71F35B263008C4271 /* TipEntity.swift in Sources */,
				8AB88ACA1F3871DC005DA815 /* UITableView+RegisterCells.swift in Sources */,
				8AB88AC71F38710A005DA815 /* AskIssueViewModel.swift in Sources */,
				8A9C3CE01F39868B005941CE /* String+TimeConvert.swift in Sources */,
			);
			runOnlyForDeploymentPostprocessing = 0;
		};
/* End PBXSourcesBuildPhase section */

/* Begin XCBuildConfiguration section */
		8A47A1951F359411008C4271 /* Debug */ = {
			isa = XCBuildConfiguration;
			buildSettings = {
				ALWAYS_SEARCH_USER_PATHS = NO;
				CLANG_ANALYZER_NONNULL = YES;
				CLANG_ANALYZER_NUMBER_OBJECT_CONVERSION = YES_AGGRESSIVE;
				CLANG_CXX_LANGUAGE_STANDARD = "gnu++0x";
				CLANG_CXX_LIBRARY = "libc++";
				CLANG_ENABLE_MODULES = YES;
				CLANG_ENABLE_OBJC_ARC = YES;
				CLANG_WARN_BLOCK_CAPTURE_AUTORELEASING = YES;
				CLANG_WARN_BOOL_CONVERSION = YES;
				CLANG_WARN_COMMA = YES;
				CLANG_WARN_CONSTANT_CONVERSION = YES;
				CLANG_WARN_DIRECT_OBJC_ISA_USAGE = YES_ERROR;
				CLANG_WARN_DOCUMENTATION_COMMENTS = YES;
				CLANG_WARN_EMPTY_BODY = YES;
				CLANG_WARN_ENUM_CONVERSION = YES;
				CLANG_WARN_INFINITE_RECURSION = YES;
				CLANG_WARN_INT_CONVERSION = YES;
				CLANG_WARN_NON_LITERAL_NULL_CONVERSION = YES;
				CLANG_WARN_OBJC_LITERAL_CONVERSION = YES;
				CLANG_WARN_OBJC_ROOT_CLASS = YES_ERROR;
				CLANG_WARN_RANGE_LOOP_ANALYSIS = YES;
				CLANG_WARN_STRICT_PROTOTYPES = YES;
				CLANG_WARN_SUSPICIOUS_MOVE = YES;
				CLANG_WARN_UNREACHABLE_CODE = YES;
				CLANG_WARN__DUPLICATE_METHOD_MATCH = YES;
				"CODE_SIGN_IDENTITY[sdk=iphoneos*]" = "iPhone Developer";
				COPY_PHASE_STRIP = NO;
				DEBUG_INFORMATION_FORMAT = dwarf;
				ENABLE_STRICT_OBJC_MSGSEND = YES;
				ENABLE_TESTABILITY = YES;
				GCC_C_LANGUAGE_STANDARD = gnu99;
				GCC_DYNAMIC_NO_PIC = NO;
				GCC_NO_COMMON_BLOCKS = YES;
				GCC_OPTIMIZATION_LEVEL = 0;
				GCC_PREPROCESSOR_DEFINITIONS = (
					"DEBUG=1",
					"$(inherited)",
				);
				GCC_WARN_64_TO_32_BIT_CONVERSION = YES;
				GCC_WARN_ABOUT_RETURN_TYPE = YES_ERROR;
				GCC_WARN_UNDECLARED_SELECTOR = YES;
				GCC_WARN_UNINITIALIZED_AUTOS = YES_AGGRESSIVE;
				GCC_WARN_UNUSED_FUNCTION = YES;
				GCC_WARN_UNUSED_VARIABLE = YES;
				IPHONEOS_DEPLOYMENT_TARGET = 10.3;
				MTL_ENABLE_DEBUG_INFO = YES;
				ONLY_ACTIVE_ARCH = YES;
				SDKROOT = iphoneos;
				SWIFT_ACTIVE_COMPILATION_CONDITIONS = DEBUG;
				SWIFT_OPTIMIZATION_LEVEL = "-Onone";
				TARGETED_DEVICE_FAMILY = "1,2";
			};
			name = Debug;
		};
		8A47A1961F359411008C4271 /* Release */ = {
			isa = XCBuildConfiguration;
			buildSettings = {
				ALWAYS_SEARCH_USER_PATHS = NO;
				CLANG_ANALYZER_NONNULL = YES;
				CLANG_ANALYZER_NUMBER_OBJECT_CONVERSION = YES_AGGRESSIVE;
				CLANG_CXX_LANGUAGE_STANDARD = "gnu++0x";
				CLANG_CXX_LIBRARY = "libc++";
				CLANG_ENABLE_MODULES = YES;
				CLANG_ENABLE_OBJC_ARC = YES;
				CLANG_WARN_BLOCK_CAPTURE_AUTORELEASING = YES;
				CLANG_WARN_BOOL_CONVERSION = YES;
				CLANG_WARN_COMMA = YES;
				CLANG_WARN_CONSTANT_CONVERSION = YES;
				CLANG_WARN_DIRECT_OBJC_ISA_USAGE = YES_ERROR;
				CLANG_WARN_DOCUMENTATION_COMMENTS = YES;
				CLANG_WARN_EMPTY_BODY = YES;
				CLANG_WARN_ENUM_CONVERSION = YES;
				CLANG_WARN_INFINITE_RECURSION = YES;
				CLANG_WARN_INT_CONVERSION = YES;
				CLANG_WARN_NON_LITERAL_NULL_CONVERSION = YES;
				CLANG_WARN_OBJC_LITERAL_CONVERSION = YES;
				CLANG_WARN_OBJC_ROOT_CLASS = YES_ERROR;
				CLANG_WARN_RANGE_LOOP_ANALYSIS = YES;
				CLANG_WARN_STRICT_PROTOTYPES = YES;
				CLANG_WARN_SUSPICIOUS_MOVE = YES;
				CLANG_WARN_UNREACHABLE_CODE = YES;
				CLANG_WARN__DUPLICATE_METHOD_MATCH = YES;
				"CODE_SIGN_IDENTITY[sdk=iphoneos*]" = "iPhone Developer";
				COPY_PHASE_STRIP = NO;
				DEBUG_INFORMATION_FORMAT = "dwarf-with-dsym";
				ENABLE_NS_ASSERTIONS = NO;
				ENABLE_STRICT_OBJC_MSGSEND = YES;
				GCC_C_LANGUAGE_STANDARD = gnu99;
				GCC_NO_COMMON_BLOCKS = YES;
				GCC_WARN_64_TO_32_BIT_CONVERSION = YES;
				GCC_WARN_ABOUT_RETURN_TYPE = YES_ERROR;
				GCC_WARN_UNDECLARED_SELECTOR = YES;
				GCC_WARN_UNINITIALIZED_AUTOS = YES_AGGRESSIVE;
				GCC_WARN_UNUSED_FUNCTION = YES;
				GCC_WARN_UNUSED_VARIABLE = YES;
				IPHONEOS_DEPLOYMENT_TARGET = 10.3;
				MTL_ENABLE_DEBUG_INFO = NO;
				SDKROOT = iphoneos;
				SWIFT_OPTIMIZATION_LEVEL = "-Owholemodule";
				TARGETED_DEVICE_FAMILY = "1,2";
				VALIDATE_PRODUCT = YES;
			};
			name = Release;
		};
		8A47A1981F359411008C4271 /* Debug */ = {
			isa = XCBuildConfiguration;
			baseConfigurationReference = 245396F1ADC64917687797B1 /* Pods-lksh-ios-cream.debug.xcconfig */;
			buildSettings = {
				ASSETCATALOG_COMPILER_APPICON_NAME = AppIcon;
				DEVELOPMENT_TEAM = KH2KDZEEE3;
				INFOPLIST_FILE = "$(SRCROOT)/lksh-ios-cream/Config/Info.plist";
				IPHONEOS_DEPLOYMENT_TARGET = 10.0;
				LD_RUNPATH_SEARCH_PATHS = "$(inherited) @executable_path/Frameworks";
				PRODUCT_BUNDLE_IDENTIFIER = com.kirillzzy.cream;
				PRODUCT_NAME = "$(TARGET_NAME)";
				SWIFT_SWIFT3_OBJC_INFERENCE = Default;
				SWIFT_VERSION = 4.0;
			};
			name = Debug;
		};
		8A47A1991F359411008C4271 /* Release */ = {
			isa = XCBuildConfiguration;
			baseConfigurationReference = 7A86BBCE0D4365D204C7CAF6 /* Pods-lksh-ios-cream.release.xcconfig */;
			buildSettings = {
				ASSETCATALOG_COMPILER_APPICON_NAME = AppIcon;
				DEVELOPMENT_TEAM = KH2KDZEEE3;
				INFOPLIST_FILE = "$(SRCROOT)/lksh-ios-cream/Config/Info.plist";
				IPHONEOS_DEPLOYMENT_TARGET = 10.0;
				LD_RUNPATH_SEARCH_PATHS = "$(inherited) @executable_path/Frameworks";
				PRODUCT_BUNDLE_IDENTIFIER = com.kirillzzy.cream;
				PRODUCT_NAME = "$(TARGET_NAME)";
				SWIFT_SWIFT3_OBJC_INFERENCE = Default;
				SWIFT_VERSION = 4.0;
			};
			name = Release;
		};
/* End XCBuildConfiguration section */

/* Begin XCConfigurationList section */
		8A47A1801F359411008C4271 /* Build configuration list for PBXProject "lksh-ios-cream" */ = {
			isa = XCConfigurationList;
			buildConfigurations = (
				8A47A1951F359411008C4271 /* Debug */,
				8A47A1961F359411008C4271 /* Release */,
			);
			defaultConfigurationIsVisible = 0;
			defaultConfigurationName = Release;
		};
		8A47A1971F359411008C4271 /* Build configuration list for PBXNativeTarget "lksh-ios-cream" */ = {
			isa = XCConfigurationList;
			buildConfigurations = (
				8A47A1981F359411008C4271 /* Debug */,
				8A47A1991F359411008C4271 /* Release */,
			);
			defaultConfigurationIsVisible = 0;
			defaultConfigurationName = Release;
		};
/* End XCConfigurationList section */
	};
	rootObject = 8A47A17D1F359411008C4271 /* Project object */;
}
