// !$*UTF8*$!
{
	archiveVersion = 1;
	classes = {
	};
	objectVersion = 46;
	objects = {

/* Begin PBXBuildFile section */
		8A47A1891F359411008C4271 /* AppDelegate.swift in Sources */ = {isa = PBXBuildFile; fileRef = 8A47A1881F359411008C4271 /* AppDelegate.swift */; };
		8A47A18E1F359411008C4271 /* Main.storyboard in Resources */ = {isa = PBXBuildFile; fileRef = 8A47A18C1F359411008C4271 /* Main.storyboard */; };
		8A47A1901F359411008C4271 /* Assets.xcassets in Resources */ = {isa = PBXBuildFile; fileRef = 8A47A18F1F359411008C4271 /* Assets.xcassets */; };
		8A47A1931F359411008C4271 /* LaunchScreen.storyboard in Resources */ = {isa = PBXBuildFile; fileRef = 8A47A1911F359411008C4271 /* LaunchScreen.storyboard */; };
		8A47A1A01F3596D2008C4271 /* MainViewController.swift in Sources */ = {isa = PBXBuildFile; fileRef = 8A47A19F1F3596D2008C4271 /* MainViewController.swift */; };
/* End PBXBuildFile section */

/* Begin PBXFileReference section */
		8A47A1851F359411008C4271 /* lksh-ios-cream.app */ = {isa = PBXFileReference; explicitFileType = wrapper.application; includeInIndex = 0; path = "lksh-ios-cream.app"; sourceTree = BUILT_PRODUCTS_DIR; };
		8A47A1881F359411008C4271 /* AppDelegate.swift */ = {isa = PBXFileReference; lastKnownFileType = sourcecode.swift; path = AppDelegate.swift; sourceTree = "<group>"; };
		8A47A18D1F359411008C4271 /* Base */ = {isa = PBXFileReference; lastKnownFileType = file.storyboard; name = Base; path = Base.lproj/Main.storyboard; sourceTree = "<group>"; };
		8A47A18F1F359411008C4271 /* Assets.xcassets */ = {isa = PBXFileReference; lastKnownFileType = folder.assetcatalog; path = Assets.xcassets; sourceTree = "<group>"; };
		8A47A1921F359411008C4271 /* Base */ = {isa = PBXFileReference; lastKnownFileType = file.storyboard; name = Base; path = Base.lproj/LaunchScreen.storyboard; sourceTree = "<group>"; };
		8A47A19F1F3596D2008C4271 /* MainViewController.swift */ = {isa = PBXFileReference; fileEncoding = 4; lastKnownFileType = sourcecode.swift; name = MainViewController.swift; path = ViewControllers/MainViewController.swift; sourceTree = "<group>"; };
		8A47A1A11F3596D7008C4271 /* Info.plist */ = {isa = PBXFileReference; fileEncoding = 4; lastKnownFileType = text.plist.xml; name = Info.plist; path = Config/Info.plist; sourceTree = "<group>"; };
/* End PBXFileReference section */

/* Begin PBXFrameworksBuildPhase section */
		8A47A1821F359411008C4271 /* Frameworks */ = {
			isa = PBXFrameworksBuildPhase;
			buildActionMask = 2147483647;
			files = (
			);
			runOnlyForDeploymentPostprocessing = 0;
		};
/* End PBXFrameworksBuildPhase section */

/* Begin PBXGroup section */
		8A47A17C1F359411008C4271 = {
			isa = PBXGroup;
			children = (
				8A47A1871F359411008C4271 /* lksh-ios-cream */,
				8A47A1861F359411008C4271 /* Products */,
			);
			sourceTree = "<group>";
		};
		8A47A1861F359411008C4271 /* Products */ = {
			isa = PBXGroup;
			children = (
				8A47A1851F359411008C4271 /* lksh-ios-cream.app */,
			);
			name = Products;
			sourceTree = "<group>";
		};
		8A47A1871F359411008C4271 /* lksh-ios-cream */ = {
			isa = PBXGroup;
			children = (
				8A47A19B1F35944C008C4271 /* Sources */,
				8A47A19C1F35945B008C4271 /* Resources */,
			);
			path = "lksh-ios-cream";
			sourceTree = "<group>";
		};
		8A47A19A1F359436008C4271 /* Storyboards */ = {
			isa = PBXGroup;
			children = (
				8A47A18C1F359411008C4271 /* Main.storyboard */,
				8A47A1911F359411008C4271 /* LaunchScreen.storyboard */,
			);
			name = Storyboards;
			sourceTree = "<group>";
		};
		8A47A19B1F35944C008C4271 /* Sources */ = {
			isa = PBXGroup;
			children = (
				8A47A1881F359411008C4271 /* AppDelegate.swift */,
				8A47A19E1F35948A008C4271 /* ViewControllers */,
			);
			name = Sources;
			sourceTree = "<group>";
		};
		8A47A19C1F35945B008C4271 /* Resources */ = {
			isa = PBXGroup;
			children = (
				8A47A19A1F359436008C4271 /* Storyboards */,
				8A47A19D1F35947B008C4271 /* Config */,
				8A47A18F1F359411008C4271 /* Assets.xcassets */,
			);
			name = Resources;
			sourceTree = "<group>";
		};
		8A47A19D1F35947B008C4271 /* Config */ = {
			isa = PBXGroup;
			children = (
				8A47A1A11F3596D7008C4271 /* Info.plist */,
			);
			name = Config;
			sourceTree = "<group>";
		};
		8A47A19E1F35948A008C4271 /* ViewControllers */ = {
			isa = PBXGroup;
			children = (
				8A47A19F1F3596D2008C4271 /* MainViewController.swift */,
			);
			name = ViewControllers;
			sourceTree = "<group>";
		};
/* End PBXGroup section */

/* Begin PBXNativeTarget section */
		8A47A1841F359411008C4271 /* lksh-ios-cream */ = {
			isa = PBXNativeTarget;
			buildConfigurationList = 8A47A1971F359411008C4271 /* Build configuration list for PBXNativeTarget "lksh-ios-cream" */;
			buildPhases = (
				8A47A1811F359411008C4271 /* Sources */,
				8A47A1821F359411008C4271 /* Frameworks */,
				8A47A1831F359411008C4271 /* Resources */,
			);
			buildRules = (
			);
			dependencies = (
			);
			name = "lksh-ios-cream";
			productName = "lksh-ios-cream";
			productReference = 8A47A1851F359411008C4271 /* lksh-ios-cream.app */;
			productType = "com.apple.product-type.application";
		};
/* End PBXNativeTarget section */

/* Begin PBXProject section */
		8A47A17D1F359411008C4271 /* Project object */ = {
			isa = PBXProject;
			attributes = {
				LastSwiftUpdateCheck = 0830;
				LastUpgradeCheck = 0830;
				ORGANIZATIONNAME = "Kirill Averyanov";
				TargetAttributes = {
					8A47A1841F359411008C4271 = {
						CreatedOnToolsVersion = 8.3.3;
						DevelopmentTeam = KH2KDZEEE3;
						ProvisioningStyle = Automatic;
					};
				};
			};
			buildConfigurationList = 8A47A1801F359411008C4271 /* Build configuration list for PBXProject "lksh-ios-cream" */;
			compatibilityVersion = "Xcode 3.2";
			developmentRegion = English;
			hasScannedForEncodings = 0;
			knownRegions = (
				en,
				Base,
			);
			mainGroup = 8A47A17C1F359411008C4271;
			productRefGroup = 8A47A1861F359411008C4271 /* Products */;
			projectDirPath = "";
			projectRoot = "";
			targets = (
				8A47A1841F359411008C4271 /* lksh-ios-cream */,
			);
		};
/* End PBXProject section */

/* Begin PBXResourcesBuildPhase section */
		8A47A1831F359411008C4271 /* Resources */ = {
			isa = PBXResourcesBuildPhase;
			buildActionMask = 2147483647;
			files = (
				8A47A1931F359411008C4271 /* LaunchScreen.storyboard in Resources */,
				8A47A1901F359411008C4271 /* Assets.xcassets in Resources */,
				8A47A18E1F359411008C4271 /* Main.storyboard in Resources */,
			);
			runOnlyForDeploymentPostprocessing = 0;
		};
/* End PBXResourcesBuildPhase section */

/* Begin PBXSourcesBuildPhase section */
		8A47A1811F359411008C4271 /* Sources */ = {
			isa = PBXSourcesBuildPhase;
			buildActionMask = 2147483647;
			files = (
				8A47A1891F359411008C4271 /* AppDelegate.swift in Sources */,
				8A47A1A01F3596D2008C4271 /* MainViewController.swift in Sources */,
			);
			runOnlyForDeploymentPostprocessing = 0;
		};
/* End PBXSourcesBuildPhase section */

/* Begin PBXVariantGroup section */
		8A47A18C1F359411008C4271 /* Main.storyboard */ = {
			isa = PBXVariantGroup;
			children = (
				8A47A18D1F359411008C4271 /* Base */,
			);
			name = Main.storyboard;
			sourceTree = "<group>";
		};
		8A47A1911F359411008C4271 /* LaunchScreen.storyboard */ = {
			isa = PBXVariantGroup;
			children = (
				8A47A1921F359411008C4271 /* Base */,
			);
			name = LaunchScreen.storyboard;
			sourceTree = "<group>";
		};
/* End PBXVariantGroup section */

/* Begin XCBuildConfiguration section */
		8A47A1951F359411008C4271 /* Debug */ = {
			isa = XCBuildConfiguration;
			buildSettings = {
				ALWAYS_SEARCH_USER_PATHS = NO;
				CLANG_ANALYZER_NONNULL = YES;
				CLANG_ANALYZER_NUMBER_OBJECT_CONVERSION = YES_AGGRESSIVE;
				CLANG_CXX_LANGUAGE_STANDARD = "gnu++0x";
				CLANG_CXX_LIBRARY = "libc++";
				CLANG_ENABLE_MODULES = YES;
				CLANG_ENABLE_OBJC_ARC = YES;
				CLANG_WARN_BOOL_CONVERSION = YES;
				CLANG_WARN_CONSTANT_CONVERSION = YES;
				CLANG_WARN_DIRECT_OBJC_ISA_USAGE = YES_ERROR;
				CLANG_WARN_DOCUMENTATION_COMMENTS = YES;
				CLANG_WARN_EMPTY_BODY = YES;
				CLANG_WARN_ENUM_CONVERSION = YES;
				CLANG_WARN_INFINITE_RECURSION = YES;
				CLANG_WARN_INT_CONVERSION = YES;
				CLANG_WARN_OBJC_ROOT_CLASS = YES_ERROR;
				CLANG_WARN_SUSPICIOUS_MOVE = YES;
				CLANG_WARN_UNREACHABLE_CODE = YES;
				CLANG_WARN__DUPLICATE_METHOD_MATCH = YES;
				"CODE_SIGN_IDENTITY[sdk=iphoneos*]" = "iPhone Developer";
				COPY_PHASE_STRIP = NO;
				DEBUG_INFORMATION_FORMAT = dwarf;
				ENABLE_STRICT_OBJC_MSGSEND = YES;
				ENABLE_TESTABILITY = YES;
				GCC_C_LANGUAGE_STANDARD = gnu99;
				GCC_DYNAMIC_NO_PIC = NO;
				GCC_NO_COMMON_BLOCKS = YES;
				GCC_OPTIMIZATION_LEVEL = 0;
				GCC_PREPROCESSOR_DEFINITIONS = (
					"DEBUG=1",
					"$(inherited)",
				);
				GCC_WARN_64_TO_32_BIT_CONVERSION = YES;
				GCC_WARN_ABOUT_RETURN_TYPE = YES_ERROR;
				GCC_WARN_UNDECLARED_SELECTOR = YES;
				GCC_WARN_UNINITIALIZED_AUTOS = YES_AGGRESSIVE;
				GCC_WARN_UNUSED_FUNCTION = YES;
				GCC_WARN_UNUSED_VARIABLE = YES;
				IPHONEOS_DEPLOYMENT_TARGET = 10.3;
				MTL_ENABLE_DEBUG_INFO = YES;
				ONLY_ACTIVE_ARCH = YES;
				SDKROOT = iphoneos;
				SWIFT_ACTIVE_COMPILATION_CONDITIONS = DEBUG;
				SWIFT_OPTIMIZATION_LEVEL = "-Onone";
				TARGETED_DEVICE_FAMILY = "1,2";
			};
			name = Debug;
		};
		8A47A1961F359411008C4271 /* Release */ = {
			isa = XCBuildConfiguration;
			buildSettings = {
				ALWAYS_SEARCH_USER_PATHS = NO;
				CLANG_ANALYZER_NONNULL = YES;
				CLANG_ANALYZER_NUMBER_OBJECT_CONVERSION = YES_AGGRESSIVE;
				CLANG_CXX_LANGUAGE_STANDARD = "gnu++0x";
				CLANG_CXX_LIBRARY = "libc++";
				CLANG_ENABLE_MODULES = YES;
				CLANG_ENABLE_OBJC_ARC = YES;
				CLANG_WARN_BOOL_CONVERSION = YES;
				CLANG_WARN_CONSTANT_CONVERSION = YES;
				CLANG_WARN_DIRECT_OBJC_ISA_USAGE = YES_ERROR;
				CLANG_WARN_DOCUMENTATION_COMMENTS = YES;
				CLANG_WARN_EMPTY_BODY = YES;
				CLANG_WARN_ENUM_CONVERSION = YES;
				CLANG_WARN_INFINITE_RECURSION = YES;
				CLANG_WARN_INT_CONVERSION = YES;
				CLANG_WARN_OBJC_ROOT_CLASS = YES_ERROR;
				CLANG_WARN_SUSPICIOUS_MOVE = YES;
				CLANG_WARN_UNREACHABLE_CODE = YES;
				CLANG_WARN__DUPLICATE_METHOD_MATCH = YES;
				"CODE_SIGN_IDENTITY[sdk=iphoneos*]" = "iPhone Developer";
				COPY_PHASE_STRIP = NO;
				DEBUG_INFORMATION_FORMAT = "dwarf-with-dsym";
				ENABLE_NS_ASSERTIONS = NO;
				ENABLE_STRICT_OBJC_MSGSEND = YES;
				GCC_C_LANGUAGE_STANDARD = gnu99;
				GCC_NO_COMMON_BLOCKS = YES;
				GCC_WARN_64_TO_32_BIT_CONVERSION = YES;
				GCC_WARN_ABOUT_RETURN_TYPE = YES_ERROR;
				GCC_WARN_UNDECLARED_SELECTOR = YES;
				GCC_WARN_UNINITIALIZED_AUTOS = YES_AGGRESSIVE;
				GCC_WARN_UNUSED_FUNCTION = YES;
				GCC_WARN_UNUSED_VARIABLE = YES;
				IPHONEOS_DEPLOYMENT_TARGET = 10.3;
				MTL_ENABLE_DEBUG_INFO = NO;
				SDKROOT = iphoneos;
				SWIFT_OPTIMIZATION_LEVEL = "-Owholemodule";
				TARGETED_DEVICE_FAMILY = "1,2";
				VALIDATE_PRODUCT = YES;
			};
			name = Release;
		};
		8A47A1981F359411008C4271 /* Debug */ = {
			isa = XCBuildConfiguration;
			buildSettings = {
				ASSETCATALOG_COMPILER_APPICON_NAME = AppIcon;
				DEVELOPMENT_TEAM = KH2KDZEEE3;
				INFOPLIST_FILE = "$(SRCROOT)/lksh-ios-cream/Config/Info.plist";
				LD_RUNPATH_SEARCH_PATHS = "$(inherited) @executable_path/Frameworks";
				PRODUCT_BUNDLE_IDENTIFIER = "com.kirillzzy.lksh-ios-cream";
				PRODUCT_NAME = "$(TARGET_NAME)";
				SWIFT_VERSION = 3.0;
			};
			name = Debug;
		};
		8A47A1991F359411008C4271 /* Release */ = {
			isa = XCBuildConfiguration;
			buildSettings = {
				ASSETCATALOG_COMPILER_APPICON_NAME = AppIcon;
				DEVELOPMENT_TEAM = KH2KDZEEE3;
				INFOPLIST_FILE = "$(SRCROOT)/lksh-ios-cream/Config/Info.plist";
				LD_RUNPATH_SEARCH_PATHS = "$(inherited) @executable_path/Frameworks";
				PRODUCT_BUNDLE_IDENTIFIER = "com.kirillzzy.lksh-ios-cream";
				PRODUCT_NAME = "$(TARGET_NAME)";
				SWIFT_VERSION = 3.0;
			};
			name = Release;
		};
/* End XCBuildConfiguration section */

/* Begin XCConfigurationList section */
		8A47A1801F359411008C4271 /* Build configuration list for PBXProject "lksh-ios-cream" */ = {
			isa = XCConfigurationList;
			buildConfigurations = (
				8A47A1951F359411008C4271 /* Debug */,
				8A47A1961F359411008C4271 /* Release */,
			);
			defaultConfigurationIsVisible = 0;
			defaultConfigurationName = Release;
		};
		8A47A1971F359411008C4271 /* Build configuration list for PBXNativeTarget "lksh-ios-cream" */ = {
			isa = XCConfigurationList;
			buildConfigurations = (
				8A47A1981F359411008C4271 /* Debug */,
				8A47A1991F359411008C4271 /* Release */,
			);
			defaultConfigurationIsVisible = 0;
			defaultConfigurationName = Release;
		};
/* End XCConfigurationList section */
	};
	rootObject = 8A47A17D1F359411008C4271 /* Project object */;
}
