// !$*UTF8*$!
{
	archiveVersion = 1;
	classes = {
	};
	objectVersion = 46;
	objects = {

/* Begin PBXBuildFile section */
		8328AEC549406583850952D9 /* Pods_lksh_ios_cream.framework in Frameworks */ = {isa = PBXBuildFile; fileRef = D3E6C93BAC61FF18EC7F4E23 /* Pods_lksh_ios_cream.framework */; };
		8A47A1891F359411008C4271 /* AppDelegate.swift in Sources */ = {isa = PBXBuildFile; fileRef = 8A47A1881F359411008C4271 /* AppDelegate.swift */; };
		8A47A18E1F359411008C4271 /* Main.storyboard in Resources */ = {isa = PBXBuildFile; fileRef = 8A47A18C1F359411008C4271 /* Main.storyboard */; };
		8A47A1901F359411008C4271 /* Assets.xcassets in Resources */ = {isa = PBXBuildFile; fileRef = 8A47A18F1F359411008C4271 /* Assets.xcassets */; };
		8A47A1931F359411008C4271 /* LaunchScreen.storyboard in Resources */ = {isa = PBXBuildFile; fileRef = 8A47A1911F359411008C4271 /* LaunchScreen.storyboard */; };
		8A47A1A01F3596D2008C4271 /* MainViewController.swift in Sources */ = {isa = PBXBuildFile; fileRef = 8A47A19F1F3596D2008C4271 /* MainViewController.swift */; };
		8A47A1A71F35B263008C4271 /* TipEntity.swift in Sources */ = {isa = PBXBuildFile; fileRef = 8A47A1A61F35B263008C4271 /* TipEntity.swift */; };
		8A47A1AA1F35B8B9008C4271 /* TipView.swift in Sources */ = {isa = PBXBuildFile; fileRef = 8A47A1A91F35B8B9008C4271 /* TipView.swift */; };
		8A47A1AD1F35B914008C4271 /* UIView+Nibload.swift in Sources */ = {isa = PBXBuildFile; fileRef = 8A47A1AC1F35B914008C4271 /* UIView+Nibload.swift */; };
		8A47A1B11F35B9C8008C4271 /* TipView.xib in Resources */ = {isa = PBXBuildFile; fileRef = 8A47A1B01F35B9C8008C4271 /* TipView.xib */; };
		8A47A1B41F35C475008C4271 /* UIFont+AppFonts.swift in Sources */ = {isa = PBXBuildFile; fileRef = 8A47A1B31F35C475008C4271 /* UIFont+AppFonts.swift */; };
		8A47A1B81F35CABD008C4271 /* UIColor+ColorsPalette.swift in Sources */ = {isa = PBXBuildFile; fileRef = 8A47A1B71F35CABD008C4271 /* UIColor+ColorsPalette.swift */; };
		8A47A1BA1F35CB03008C4271 /* UIColor+Hex.swift in Sources */ = {isa = PBXBuildFile; fileRef = 8A47A1B91F35CB03008C4271 /* UIColor+Hex.swift */; };
		8A47A1BD1F35CB45008C4271 /* String+Range.swift in Sources */ = {isa = PBXBuildFile; fileRef = 8A47A1BC1F35CB45008C4271 /* String+Range.swift */; };
		8AE792F01F3849DD00526845 /* AskIssueViewController.swift in Sources */ = {isa = PBXBuildFile; fileRef = 8AE792EF1F3849DD00526845 /* AskIssueViewController.swift */; };
/* End PBXBuildFile section */

/* Begin PBXFileReference section */
		245396F1ADC64917687797B1 /* Pods-lksh-ios-cream.debug.xcconfig */ = {isa = PBXFileReference; includeInIndex = 1; lastKnownFileType = text.xcconfig; name = "Pods-lksh-ios-cream.debug.xcconfig"; path = "Pods/Target Support Files/Pods-lksh-ios-cream/Pods-lksh-ios-cream.debug.xcconfig"; sourceTree = "<group>"; };
		7A86BBCE0D4365D204C7CAF6 /* Pods-lksh-ios-cream.release.xcconfig */ = {isa = PBXFileReference; includeInIndex = 1; lastKnownFileType = text.xcconfig; name = "Pods-lksh-ios-cream.release.xcconfig"; path = "Pods/Target Support Files/Pods-lksh-ios-cream/Pods-lksh-ios-cream.release.xcconfig"; sourceTree = "<group>"; };
		8A47A1851F359411008C4271 /* lksh-ios-cream.app */ = {isa = PBXFileReference; explicitFileType = wrapper.application; includeInIndex = 0; path = "lksh-ios-cream.app"; sourceTree = BUILT_PRODUCTS_DIR; };
		8A47A1881F359411008C4271 /* AppDelegate.swift */ = {isa = PBXFileReference; lastKnownFileType = sourcecode.swift; path = AppDelegate.swift; sourceTree = "<group>"; };
		8A47A18D1F359411008C4271 /* Base */ = {isa = PBXFileReference; lastKnownFileType = file.storyboard; name = Base; path = Base.lproj/Main.storyboard; sourceTree = "<group>"; };
		8A47A18F1F359411008C4271 /* Assets.xcassets */ = {isa = PBXFileReference; lastKnownFileType = folder.assetcatalog; path = Assets.xcassets; sourceTree = "<group>"; };
		8A47A1921F359411008C4271 /* Base */ = {isa = PBXFileReference; lastKnownFileType = file.storyboard; name = Base; path = Base.lproj/LaunchScreen.storyboard; sourceTree = "<group>"; };
		8A47A19F1F3596D2008C4271 /* MainViewController.swift */ = {isa = PBXFileReference; fileEncoding = 4; lastKnownFileType = sourcecode.swift; name = MainViewController.swift; path = ViewControllers/MainViewController.swift; sourceTree = "<group>"; };
		8A47A1A11F3596D7008C4271 /* Info.plist */ = {isa = PBXFileReference; fileEncoding = 4; lastKnownFileType = text.plist.xml; name = Info.plist; path = Config/Info.plist; sourceTree = "<group>"; };
		8A47A1A61F35B263008C4271 /* TipEntity.swift */ = {isa = PBXFileReference; fileEncoding = 4; lastKnownFileType = sourcecode.swift; name = TipEntity.swift; path = Entities/TipEntity.swift; sourceTree = "<group>"; };
		8A47A1A91F35B8B9008C4271 /* TipView.swift */ = {isa = PBXFileReference; fileEncoding = 4; lastKnownFileType = sourcecode.swift; name = TipView.swift; path = Custom/TipView.swift; sourceTree = "<group>"; };
		8A47A1AC1F35B914008C4271 /* UIView+Nibload.swift */ = {isa = PBXFileReference; fileEncoding = 4; lastKnownFileType = sourcecode.swift; name = "UIView+Nibload.swift"; path = "Extensions/UIView+Nibload.swift"; sourceTree = "<group>"; };
		8A47A1B01F35B9C8008C4271 /* TipView.xib */ = {isa = PBXFileReference; fileEncoding = 4; lastKnownFileType = file.xib; name = TipView.xib; path = Custom/TipView.xib; sourceTree = "<group>"; };
		8A47A1B31F35C475008C4271 /* UIFont+AppFonts.swift */ = {isa = PBXFileReference; fileEncoding = 4; lastKnownFileType = sourcecode.swift; name = "UIFont+AppFonts.swift"; path = "Extensions/UIFont+AppFonts.swift"; sourceTree = "<group>"; };
		8A47A1B71F35CABD008C4271 /* UIColor+ColorsPalette.swift */ = {isa = PBXFileReference; fileEncoding = 4; lastKnownFileType = sourcecode.swift; name = "UIColor+ColorsPalette.swift"; path = "Extensions/UIColor+ColorsPalette.swift"; sourceTree = "<group>"; };
		8A47A1B91F35CB03008C4271 /* UIColor+Hex.swift */ = {isa = PBXFileReference; fileEncoding = 4; lastKnownFileType = sourcecode.swift; name = "UIColor+Hex.swift"; path = "Extensions/UIColor+Hex.swift"; sourceTree = "<group>"; };
		8A47A1BC1F35CB45008C4271 /* String+Range.swift */ = {isa = PBXFileReference; fileEncoding = 4; lastKnownFileType = sourcecode.swift; name = "String+Range.swift"; path = "Extensions/String+Range.swift"; sourceTree = "<group>"; };
		8AE792EF1F3849DD00526845 /* AskIssueViewController.swift */ = {isa = PBXFileReference; fileEncoding = 4; lastKnownFileType = sourcecode.swift; name = AskIssueViewController.swift; path = ViewControllers/AskIssueViewController.swift; sourceTree = "<group>"; };
		D3E6C93BAC61FF18EC7F4E23 /* Pods_lksh_ios_cream.framework */ = {isa = PBXFileReference; explicitFileType = wrapper.framework; includeInIndex = 0; path = Pods_lksh_ios_cream.framework; sourceTree = BUILT_PRODUCTS_DIR; };
/* End PBXFileReference section */

/* Begin PBXFrameworksBuildPhase section */
		8A47A1821F359411008C4271 /* Frameworks */ = {
			isa = PBXFrameworksBuildPhase;
			buildActionMask = 2147483647;
			files = (
				8328AEC549406583850952D9 /* Pods_lksh_ios_cream.framework in Frameworks */,
			);
			runOnlyForDeploymentPostprocessing = 0;
		};
/* End PBXFrameworksBuildPhase section */

/* Begin PBXGroup section */
		46E1B2040B0396F881D3CB9E /* Frameworks */ = {
			isa = PBXGroup;
			children = (
				D3E6C93BAC61FF18EC7F4E23 /* Pods_lksh_ios_cream.framework */,
			);
			name = Frameworks;
			sourceTree = "<group>";
		};
		84EA5436A0F3C88A23A1D93D /* Pods */ = {
			isa = PBXGroup;
			children = (
				245396F1ADC64917687797B1 /* Pods-lksh-ios-cream.debug.xcconfig */,
				7A86BBCE0D4365D204C7CAF6 /* Pods-lksh-ios-cream.release.xcconfig */,
			);
			name = Pods;
			sourceTree = "<group>";
		};
		8A47A17C1F359411008C4271 = {
			isa = PBXGroup;
			children = (
				8A47A1871F359411008C4271 /* lksh-ios-cream */,
				8A47A1861F359411008C4271 /* Products */,
				84EA5436A0F3C88A23A1D93D /* Pods */,
				46E1B2040B0396F881D3CB9E /* Frameworks */,
			);
			sourceTree = "<group>";
		};
		8A47A1861F359411008C4271 /* Products */ = {
			isa = PBXGroup;
			children = (
				8A47A1851F359411008C4271 /* lksh-ios-cream.app */,
			);
			name = Products;
			sourceTree = "<group>";
		};
		8A47A1871F359411008C4271 /* lksh-ios-cream */ = {
			isa = PBXGroup;
			children = (
				8A47A19B1F35944C008C4271 /* Sources */,
				8A47A19C1F35945B008C4271 /* Resources */,
			);
			path = "lksh-ios-cream";
			sourceTree = "<group>";
		};
		8A47A19A1F359436008C4271 /* Storyboards */ = {
			isa = PBXGroup;
			children = (
				8A47A1A41F35A720008C4271 /* Launch */,
				8A47A18C1F359411008C4271 /* Main.storyboard */,
			);
			name = Storyboards;
			sourceTree = "<group>";
		};
		8A47A19B1F35944C008C4271 /* Sources */ = {
			isa = PBXGroup;
			children = (
				8A47A1881F359411008C4271 /* AppDelegate.swift */,
				8A47A19E1F35948A008C4271 /* ViewControllers */,
				8A47A1A51F35AE81008C4271 /* Entities */,
				8A47A1A81F35B832008C4271 /* Custom */,
				8A47A1AB1F35B8F5008C4271 /* Extenstions */,
			);
			name = Sources;
			sourceTree = "<group>";
		};
		8A47A19C1F35945B008C4271 /* Resources */ = {
			isa = PBXGroup;
			children = (
				8A47A19A1F359436008C4271 /* Storyboards */,
				8A47A19D1F35947B008C4271 /* Config */,
				8A47A18F1F359411008C4271 /* Assets.xcassets */,
			);
			name = Resources;
			sourceTree = "<group>";
		};
		8A47A19D1F35947B008C4271 /* Config */ = {
			isa = PBXGroup;
			children = (
				8A47A1A11F3596D7008C4271 /* Info.plist */,
			);
			name = Config;
			sourceTree = "<group>";
		};
		8A47A19E1F35948A008C4271 /* ViewControllers */ = {
			isa = PBXGroup;
			children = (
				8A47A19F1F3596D2008C4271 /* MainViewController.swift */,
				8AE792EF1F3849DD00526845 /* AskIssueViewController.swift */,
			);
			name = ViewControllers;
			sourceTree = "<group>";
		};
		8A47A1A41F35A720008C4271 /* Launch */ = {
			isa = PBXGroup;
			children = (
				8A47A1911F359411008C4271 /* LaunchScreen.storyboard */,
			);
			name = Launch;
			sourceTree = "<group>";
		};
		8A47A1A51F35AE81008C4271 /* Entities */ = {
			isa = PBXGroup;
			children = (
				8A47A1A61F35B263008C4271 /* TipEntity.swift */,
			);
			name = Entities;
			sourceTree = "<group>";
		};
		8A47A1A81F35B832008C4271 /* Custom */ = {
			isa = PBXGroup;
			children = (
				8A47A1AE1F35B97E008C4271 /* Views */,
			);
			name = Custom;
			sourceTree = "<group>";
		};
		8A47A1AB1F35B8F5008C4271 /* Extenstions */ = {
			isa = PBXGroup;
			children = (
				8A47A1B21F35C458008C4271 /* UIView */,
				8A47A1B51F35C47A008C4271 /* UIFont */,
				8A47A1B61F35CA96008C4271 /* UIColor */,
				8A47A1BB1F35CB33008C4271 /* String */,
			);
			name = Extenstions;
			sourceTree = "<group>";
		};
		8A47A1AE1F35B97E008C4271 /* Views */ = {
			isa = PBXGroup;
			children = (
				8A47A1AF1F35B98A008C4271 /* TipView */,
			);
			name = Views;
			sourceTree = "<group>";
		};
		8A47A1AF1F35B98A008C4271 /* TipView */ = {
			isa = PBXGroup;
			children = (
				8A47A1A91F35B8B9008C4271 /* TipView.swift */,
				8A47A1B01F35B9C8008C4271 /* TipView.xib */,
			);
			name = TipView;
			sourceTree = "<group>";
		};
		8A47A1B21F35C458008C4271 /* UIView */ = {
			isa = PBXGroup;
			children = (
				8A47A1AC1F35B914008C4271 /* UIView+Nibload.swift */,
			);
			name = UIView;
			sourceTree = "<group>";
		};
		8A47A1B51F35C47A008C4271 /* UIFont */ = {
			isa = PBXGroup;
			children = (
				8A47A1B31F35C475008C4271 /* UIFont+AppFonts.swift */,
			);
			name = UIFont;
			sourceTree = "<group>";
		};
		8A47A1B61F35CA96008C4271 /* UIColor */ = {
			isa = PBXGroup;
			children = (
				8A47A1B71F35CABD008C4271 /* UIColor+ColorsPalette.swift */,
				8A47A1B91F35CB03008C4271 /* UIColor+Hex.swift */,
			);
			name = UIColor;
			sourceTree = "<group>";
		};
		8A47A1BB1F35CB33008C4271 /* String */ = {
			isa = PBXGroup;
			children = (
				8A47A1BC1F35CB45008C4271 /* String+Range.swift */,
			);
			name = String;
			sourceTree = "<group>";
		};
/* End PBXGroup section */

/* Begin PBXNativeTarget section */
		8A47A1841F359411008C4271 /* lksh-ios-cream */ = {
			isa = PBXNativeTarget;
			buildConfigurationList = 8A47A1971F359411008C4271 /* Build configuration list for PBXNativeTarget "lksh-ios-cream" */;
			buildPhases = (
				C9CAA126E140FB35FEF91273 /* [CP] Check Pods Manifest.lock */,
				8A47A1811F359411008C4271 /* Sources */,
				8A47A1821F359411008C4271 /* Frameworks */,
				8A47A1831F359411008C4271 /* Resources */,
				8A47A1A31F3597A7008C4271 /* Swiftlint */,
				52D6023FFDE81D3C7DCE2A56 /* [CP] Embed Pods Frameworks */,
				7275A4A956E313F2FFEB3058 /* [CP] Copy Pods Resources */,
			);
			buildRules = (
			);
			dependencies = (
			);
			name = "lksh-ios-cream";
			productName = "lksh-ios-cream";
			productReference = 8A47A1851F359411008C4271 /* lksh-ios-cream.app */;
			productType = "com.apple.product-type.application";
		};
/* End PBXNativeTarget section */

/* Begin PBXProject section */
		8A47A17D1F359411008C4271 /* Project object */ = {
			isa = PBXProject;
			attributes = {
				LastSwiftUpdateCheck = 0830;
				LastUpgradeCheck = 0830;
				ORGANIZATIONNAME = "Kirill Averyanov";
				TargetAttributes = {
					8A47A1841F359411008C4271 = {
						CreatedOnToolsVersion = 8.3.3;
						DevelopmentTeam = KH2KDZEEE3;
						ProvisioningStyle = Automatic;
					};
				};
			};
			buildConfigurationList = 8A47A1801F359411008C4271 /* Build configuration list for PBXProject "lksh-ios-cream" */;
			compatibilityVersion = "Xcode 3.2";
			developmentRegion = English;
			hasScannedForEncodings = 0;
			knownRegions = (
				en,
				Base,
			);
			mainGroup = 8A47A17C1F359411008C4271;
			productRefGroup = 8A47A1861F359411008C4271 /* Products */;
			projectDirPath = "";
			projectRoot = "";
			targets = (
				8A47A1841F359411008C4271 /* lksh-ios-cream */,
			);
		};
/* End PBXProject section */

/* Begin PBXResourcesBuildPhase section */
		8A47A1831F359411008C4271 /* Resources */ = {
			isa = PBXResourcesBuildPhase;
			buildActionMask = 2147483647;
			files = (
				8A47A1B11F35B9C8008C4271 /* TipView.xib in Resources */,
				8A47A1931F359411008C4271 /* LaunchScreen.storyboard in Resources */,
				8A47A1901F359411008C4271 /* Assets.xcassets in Resources */,
				8A47A18E1F359411008C4271 /* Main.storyboard in Resources */,
			);
			runOnlyForDeploymentPostprocessing = 0;
		};
/* End PBXResourcesBuildPhase section */

/* Begin PBXShellScriptBuildPhase section */
		52D6023FFDE81D3C7DCE2A56 /* [CP] Embed Pods Frameworks */ = {
			isa = PBXShellScriptBuildPhase;
			buildActionMask = 2147483647;
			files = (
			);
			inputPaths = (
			);
			name = "[CP] Embed Pods Frameworks";
			outputPaths = (
			);
			runOnlyForDeploymentPostprocessing = 0;
			shellPath = /bin/sh;
			shellScript = "\"${SRCROOT}/Pods/Target Support Files/Pods-lksh-ios-cream/Pods-lksh-ios-cream-frameworks.sh\"\n";
			showEnvVarsInLog = 0;
		};
		7275A4A956E313F2FFEB3058 /* [CP] Copy Pods Resources */ = {
			isa = PBXShellScriptBuildPhase;
			buildActionMask = 2147483647;
			files = (
			);
			inputPaths = (
			);
			name = "[CP] Copy Pods Resources";
			outputPaths = (
			);
			runOnlyForDeploymentPostprocessing = 0;
			shellPath = /bin/sh;
			shellScript = "\"${SRCROOT}/Pods/Target Support Files/Pods-lksh-ios-cream/Pods-lksh-ios-cream-resources.sh\"\n";
			showEnvVarsInLog = 0;
		};
		8A47A1A31F3597A7008C4271 /* Swiftlint */ = {
			isa = PBXShellScriptBuildPhase;
			buildActionMask = 2147483647;
			files = (
			);
			inputPaths = (
			);
			name = Swiftlint;
			outputPaths = (
			);
			runOnlyForDeploymentPostprocessing = 0;
			shellPath = /bin/sh;
			shellScript = "SWIFTLINT = ${PODS_ROOT}/SwiftLint/swiftlint\nSWFITLINT_CONFIG = ${PROJECT_DIR}/\n\nif which SWIFTLINT >/dev/null; then\nSWIFTLINT lint --config .swiftlint.yml\nelse\necho \"error: SwiftLint does not exist, download it from https://github.com/realm/SwiftLint\"\nexit 1\nfi";
		};
		C9CAA126E140FB35FEF91273 /* [CP] Check Pods Manifest.lock */ = {
			isa = PBXShellScriptBuildPhase;
			buildActionMask = 2147483647;
			files = (
			);
			inputPaths = (
			);
			name = "[CP] Check Pods Manifest.lock";
			outputPaths = (
			);
			runOnlyForDeploymentPostprocessing = 0;
			shellPath = /bin/sh;
			shellScript = "diff \"${PODS_ROOT}/../Podfile.lock\" \"${PODS_ROOT}/Manifest.lock\" > /dev/null\nif [ $? != 0 ] ; then\n    # print error to STDERR\n    echo \"error: The sandbox is not in sync with the Podfile.lock. Run 'pod install' or update your CocoaPods installation.\" >&2\n    exit 1\nfi\n";
			showEnvVarsInLog = 0;
		};
/* End PBXShellScriptBuildPhase section */

/* Begin PBXSourcesBuildPhase section */
		8A47A1811F359411008C4271 /* Sources */ = {
			isa = PBXSourcesBuildPhase;
			buildActionMask = 2147483647;
			files = (
				8A47A1AD1F35B914008C4271 /* UIView+Nibload.swift in Sources */,
				8A47A1BD1F35CB45008C4271 /* String+Range.swift in Sources */,
				8A47A1BA1F35CB03008C4271 /* UIColor+Hex.swift in Sources */,
				8A47A1B41F35C475008C4271 /* UIFont+AppFonts.swift in Sources */,
				8A47A1AA1F35B8B9008C4271 /* TipView.swift in Sources */,
				8A47A1891F359411008C4271 /* AppDelegate.swift in Sources */,
				8AE792F01F3849DD00526845 /* AskIssueViewController.swift in Sources */,
				8A47A1B81F35CABD008C4271 /* UIColor+ColorsPalette.swift in Sources */,
				8A47A1A01F3596D2008C4271 /* MainViewController.swift in Sources */,
				8A47A1A71F35B263008C4271 /* TipEntity.swift in Sources */,
			);
			runOnlyForDeploymentPostprocessing = 0;
		};
/* End PBXSourcesBuildPhase section */

/* Begin PBXVariantGroup section */
		8A47A18C1F359411008C4271 /* Main.storyboard */ = {
			isa = PBXVariantGroup;
			children = (
				8A47A18D1F359411008C4271 /* Base */,
			);
			name = Main.storyboard;
			sourceTree = "<group>";
		};
		8A47A1911F359411008C4271 /* LaunchScreen.storyboard */ = {
			isa = PBXVariantGroup;
			children = (
				8A47A1921F359411008C4271 /* Base */,
			);
			name = LaunchScreen.storyboard;
			sourceTree = "<group>";
		};
/* End PBXVariantGroup section */

/* Begin XCBuildConfiguration section */
		8A47A1951F359411008C4271 /* Debug */ = {
			isa = XCBuildConfiguration;
			buildSettings = {
				ALWAYS_SEARCH_USER_PATHS = NO;
				CLANG_ANALYZER_NONNULL = YES;
				CLANG_ANALYZER_NUMBER_OBJECT_CONVERSION = YES_AGGRESSIVE;
				CLANG_CXX_LANGUAGE_STANDARD = "gnu++0x";
				CLANG_CXX_LIBRARY = "libc++";
				CLANG_ENABLE_MODULES = YES;
				CLANG_ENABLE_OBJC_ARC = YES;
				CLANG_WARN_BOOL_CONVERSION = YES;
				CLANG_WARN_CONSTANT_CONVERSION = YES;
				CLANG_WARN_DIRECT_OBJC_ISA_USAGE = YES_ERROR;
				CLANG_WARN_DOCUMENTATION_COMMENTS = YES;
				CLANG_WARN_EMPTY_BODY = YES;
				CLANG_WARN_ENUM_CONVERSION = YES;
				CLANG_WARN_INFINITE_RECURSION = YES;
				CLANG_WARN_INT_CONVERSION = YES;
				CLANG_WARN_OBJC_ROOT_CLASS = YES_ERROR;
				CLANG_WARN_SUSPICIOUS_MOVE = YES;
				CLANG_WARN_UNREACHABLE_CODE = YES;
				CLANG_WARN__DUPLICATE_METHOD_MATCH = YES;
				"CODE_SIGN_IDENTITY[sdk=iphoneos*]" = "iPhone Developer";
				COPY_PHASE_STRIP = NO;
				DEBUG_INFORMATION_FORMAT = dwarf;
				ENABLE_STRICT_OBJC_MSGSEND = YES;
				ENABLE_TESTABILITY = YES;
				GCC_C_LANGUAGE_STANDARD = gnu99;
				GCC_DYNAMIC_NO_PIC = NO;
				GCC_NO_COMMON_BLOCKS = YES;
				GCC_OPTIMIZATION_LEVEL = 0;
				GCC_PREPROCESSOR_DEFINITIONS = (
					"DEBUG=1",
					"$(inherited)",
				);
				GCC_WARN_64_TO_32_BIT_CONVERSION = YES;
				GCC_WARN_ABOUT_RETURN_TYPE = YES_ERROR;
				GCC_WARN_UNDECLARED_SELECTOR = YES;
				GCC_WARN_UNINITIALIZED_AUTOS = YES_AGGRESSIVE;
				GCC_WARN_UNUSED_FUNCTION = YES;
				GCC_WARN_UNUSED_VARIABLE = YES;
				IPHONEOS_DEPLOYMENT_TARGET = 10.3;
				MTL_ENABLE_DEBUG_INFO = YES;
				ONLY_ACTIVE_ARCH = YES;
				SDKROOT = iphoneos;
				SWIFT_ACTIVE_COMPILATION_CONDITIONS = DEBUG;
				SWIFT_OPTIMIZATION_LEVEL = "-Onone";
				TARGETED_DEVICE_FAMILY = "1,2";
			};
			name = Debug;
		};
		8A47A1961F359411008C4271 /* Release */ = {
			isa = XCBuildConfiguration;
			buildSettings = {
				ALWAYS_SEARCH_USER_PATHS = NO;
				CLANG_ANALYZER_NONNULL = YES;
				CLANG_ANALYZER_NUMBER_OBJECT_CONVERSION = YES_AGGRESSIVE;
				CLANG_CXX_LANGUAGE_STANDARD = "gnu++0x";
				CLANG_CXX_LIBRARY = "libc++";
				CLANG_ENABLE_MODULES = YES;
				CLANG_ENABLE_OBJC_ARC = YES;
				CLANG_WARN_BOOL_CONVERSION = YES;
				CLANG_WARN_CONSTANT_CONVERSION = YES;
				CLANG_WARN_DIRECT_OBJC_ISA_USAGE = YES_ERROR;
				CLANG_WARN_DOCUMENTATION_COMMENTS = YES;
				CLANG_WARN_EMPTY_BODY = YES;
				CLANG_WARN_ENUM_CONVERSION = YES;
				CLANG_WARN_INFINITE_RECURSION = YES;
				CLANG_WARN_INT_CONVERSION = YES;
				CLANG_WARN_OBJC_ROOT_CLASS = YES_ERROR;
				CLANG_WARN_SUSPICIOUS_MOVE = YES;
				CLANG_WARN_UNREACHABLE_CODE = YES;
				CLANG_WARN__DUPLICATE_METHOD_MATCH = YES;
				"CODE_SIGN_IDENTITY[sdk=iphoneos*]" = "iPhone Developer";
				COPY_PHASE_STRIP = NO;
				DEBUG_INFORMATION_FORMAT = "dwarf-with-dsym";
				ENABLE_NS_ASSERTIONS = NO;
				ENABLE_STRICT_OBJC_MSGSEND = YES;
				GCC_C_LANGUAGE_STANDARD = gnu99;
				GCC_NO_COMMON_BLOCKS = YES;
				GCC_WARN_64_TO_32_BIT_CONVERSION = YES;
				GCC_WARN_ABOUT_RETURN_TYPE = YES_ERROR;
				GCC_WARN_UNDECLARED_SELECTOR = YES;
				GCC_WARN_UNINITIALIZED_AUTOS = YES_AGGRESSIVE;
				GCC_WARN_UNUSED_FUNCTION = YES;
				GCC_WARN_UNUSED_VARIABLE = YES;
				IPHONEOS_DEPLOYMENT_TARGET = 10.3;
				MTL_ENABLE_DEBUG_INFO = NO;
				SDKROOT = iphoneos;
				SWIFT_OPTIMIZATION_LEVEL = "-Owholemodule";
				TARGETED_DEVICE_FAMILY = "1,2";
				VALIDATE_PRODUCT = YES;
			};
			name = Release;
		};
		8A47A1981F359411008C4271 /* Debug */ = {
			isa = XCBuildConfiguration;
			baseConfigurationReference = 245396F1ADC64917687797B1 /* Pods-lksh-ios-cream.debug.xcconfig */;
			buildSettings = {
				ASSETCATALOG_COMPILER_APPICON_NAME = AppIcon;
				DEVELOPMENT_TEAM = KH2KDZEEE3;
				INFOPLIST_FILE = "$(SRCROOT)/lksh-ios-cream/Config/Info.plist";
				IPHONEOS_DEPLOYMENT_TARGET = 10.0;
				LD_RUNPATH_SEARCH_PATHS = "$(inherited) @executable_path/Frameworks";
				PRODUCT_BUNDLE_IDENTIFIER = "com.kirillzzy.lksh-ios-cream";
				PRODUCT_NAME = "$(TARGET_NAME)";
				SWIFT_VERSION = 3.0;
			};
			name = Debug;
		};
		8A47A1991F359411008C4271 /* Release */ = {
			isa = XCBuildConfiguration;
			baseConfigurationReference = 7A86BBCE0D4365D204C7CAF6 /* Pods-lksh-ios-cream.release.xcconfig */;
			buildSettings = {
				ASSETCATALOG_COMPILER_APPICON_NAME = AppIcon;
				DEVELOPMENT_TEAM = KH2KDZEEE3;
				INFOPLIST_FILE = "$(SRCROOT)/lksh-ios-cream/Config/Info.plist";
				IPHONEOS_DEPLOYMENT_TARGET = 10.0;
				LD_RUNPATH_SEARCH_PATHS = "$(inherited) @executable_path/Frameworks";
				PRODUCT_BUNDLE_IDENTIFIER = "com.kirillzzy.lksh-ios-cream";
				PRODUCT_NAME = "$(TARGET_NAME)";
				SWIFT_VERSION = 3.0;
			};
			name = Release;
		};
/* End XCBuildConfiguration section */

/* Begin XCConfigurationList section */
		8A47A1801F359411008C4271 /* Build configuration list for PBXProject "lksh-ios-cream" */ = {
			isa = XCConfigurationList;
			buildConfigurations = (
				8A47A1951F359411008C4271 /* Debug */,
				8A47A1961F359411008C4271 /* Release */,
			);
			defaultConfigurationIsVisible = 0;
			defaultConfigurationName = Release;
		};
		8A47A1971F359411008C4271 /* Build configuration list for PBXNativeTarget "lksh-ios-cream" */ = {
			isa = XCConfigurationList;
			buildConfigurations = (
				8A47A1981F359411008C4271 /* Debug */,
				8A47A1991F359411008C4271 /* Release */,
			);
			defaultConfigurationIsVisible = 0;
			defaultConfigurationName = Release;
		};
/* End XCConfigurationList section */
	};
	rootObject = 8A47A17D1F359411008C4271 /* Project object */;
}
